
Microsoft Visual Studio Solution File, Format Version 9.00
# Visual Studio 2005
Project("{FAE04EC0-301F-11D3-BF4B-00C04F79EFBC}") = "SampleShredCrash", "SampleShredCrash.csproj", "{9607D0DF-42D7-4FCA-82FF-962D5BC872DE}"
EndProject
Global
	GlobalSection(SolutionConfigurationPlatforms) = preSolution
		Debug|Any CPU = Debug|Any CPU
		Release|Any CPU = Release|Any CPU
	EndGlobalSection
	GlobalSection(ProjectConfigurationPlatforms) = postSolution
		{9607D0DF-42D7-4FCA-82FF-962D5BC872DE}.Debug|Any CPU.ActiveCfg = Debug|Any CPU
		{9607D0DF-42D7-4FCA-82FF-962D5BC872DE}.Debug|Any CPU.Build.0 = Debug|Any CPU
		{9607D0DF-42D7-4FCA-82FF-962D5BC872DE}.Release|Any CPU.ActiveCfg = Release|Any CPU
		{9607D0DF-42D7-4FCA-82FF-962D5BC872DE}.Release|Any CPU.Build.0 = Release|Any CPU
	EndGlobalSection
	GlobalSection(SolutionProperties) = preSolution
		HideSolutionNode = FALSE
	EndGlobalSection
EndGlobal
