Microsoft Visual Studio Solution File, Format Version 9.00
Project("{FAE04EC0-301F-11D3-BF4B-00C04F79EFBC}") = "ClearCanvas.Workstation.Model", "Model\ClearCanvas.Workstation.Model.csproj", "{85100D3E-471C-47C9-9687-ABF25F617ED7}"
EndProject
Project("{FAE04EC0-301F-11D3-BF4B-00C04F79EFBC}") = "ClearCanvas.Workstation.Edit", "Edit\ClearCanvas.Workstation.Edit.csproj", "{7A5EAB47-EC25-4581-8276-978EC44D69AD}"
EndProject
Project("{FAE04EC0-301F-11D3-BF4B-00C04F79EFBC}") = "ClearCanvas.Workstation.Layout.Basic", "Layout\Basic\ClearCanvas.Workstation.Layout.Basic.csproj", "{EA38C1F1-C4BD-4ED7-9B60-C95DF22D6A72}"
EndProject
Project("{FAE04EC0-301F-11D3-BF4B-00C04F79EFBC}") = "ClearCanvas.Workstation.Tools.Measurement", "Tools\Measurement\ClearCanvas.Workstation.Tools.Measurement.csproj", "{76E7A94E-5DCB-4B12-8D9E-7BD5084CE073}"
EndProject
Project("{FAE04EC0-301F-11D3-BF4B-00C04F79EFBC}") = "ClearCanvas.Workstation.Tools.Standard", "Tools\Standard\ClearCanvas.Workstation.Tools.Standard.csproj", "{9AF0770C-7E9F-483F-8429-D7894F06EB6C}"
EndProject
Project("{FAE04EC0-301F-11D3-BF4B-00C04F79EFBC}") = "ClearCanvas.Workstation.Executable", "Executable\ClearCanvas.Workstation.Executable.csproj", "{9CA6A6B8-2E7A-4D2C-AC35-D369F6B15AC8}"
	ProjectSection(ProjectDependencies) = postProject
		{1B8C0C00-F5E4-42B6-A389-B01717AF9460} = {1B8C0C00-F5E4-42B6-A389-B01717AF9460}
		{9AF0770C-7E9F-483F-8429-D7894F06EB6C} = {9AF0770C-7E9F-483F-8429-D7894F06EB6C}
		{AD9ECE2B-8268-4115-8DC8-860FBD011FFF} = {AD9ECE2B-8268-4115-8DC8-860FBD011FFF}
		{85100D3E-471C-47C9-9687-ABF25F617ED7} = {85100D3E-471C-47C9-9687-ABF25F617ED7}
		{7A5EAB47-EC25-4581-8276-978EC44D69AD} = {7A5EAB47-EC25-4581-8276-978EC44D69AD}
		{76E7A94E-5DCB-4B12-8D9E-7BD5084CE073} = {76E7A94E-5DCB-4B12-8D9E-7BD5084CE073}
		{48E9C57A-D1BF-456C-A778-B855DFC9B91D} = {48E9C57A-D1BF-456C-A778-B855DFC9B91D}
		{4405F68E-3B55-4743-A5CD-BD1DC08CB8AA} = {4405F68E-3B55-4743-A5CD-BD1DC08CB8AA}
		{D58D0C9E-8EA5-43DD-B491-BAA575410015} = {D58D0C9E-8EA5-43DD-B491-BAA575410015}
		{EA38C1F1-C4BD-4ED7-9B60-C95DF22D6A72} = {EA38C1F1-C4BD-4ED7-9B60-C95DF22D6A72}
	EndProjectSection
EndProject
Project("{FAE04EC0-301F-11D3-BF4B-00C04F79EFBC}") = "ClearCanvas.Common", "..\Common\ClearCanvas.Common.csproj", "{F6EAD428-E6CF-4DF6-B2F3-D33D532C5343}"
EndProject
Project("{FAE04EC0-301F-11D3-BF4B-00C04F79EFBC}") = "ClearCanvas.Dicom", "..\Dicom\ClearCanvas.Dicom.csproj", "{AD9ECE2B-8268-4115-8DC8-860FBD011FFF}"
EndProject
Project("{FAE04EC0-301F-11D3-BF4B-00C04F79EFBC}") = "ClearCanvas.Workstation.Renderer.GDI", "Renderer\GDI\ClearCanvas.Workstation.Renderer.GDI.csproj", "{4405F68E-3B55-4743-A5CD-BD1DC08CB8AA}"
EndProject
Project("{FAE04EC0-301F-11D3-BF4B-00C04F79EFBC}") = "ClearCanvas.Workstation.StudyLoaders.Local", "StudyLoaders\Local\ClearCanvas.Workstation.StudyLoaders.Local.csproj", "{D58D0C9E-8EA5-43DD-B491-BAA575410015}"
EndProject
Project("{FAE04EC0-301F-11D3-BF4B-00C04F79EFBC}") = "ClearCanvas.Workstation.StudyFinders.Local", "StudyFinders\Local\ClearCanvas.Workstation.StudyFinders.Local.csproj", "{48E9C57A-D1BF-456C-A778-B855DFC9B91D}"
EndProject
Project("{FAE04EC0-301F-11D3-BF4B-00C04F79EFBC}") = "ClearCanvas.Workstation.View.GTK", "View\GTK\ClearCanvas.Workstation.View.GTK.csproj", "{1B8C0C00-F5E4-42B6-A389-B01717AF9460}"
EndProject
Global
	GlobalSection(SolutionConfigurationPlatforms) = preSolution
		Debug Mono|Any CPU = Debug Mono|Any CPU
		Debug|Any CPU = Debug|Any CPU
		Release Mono|Any CPU = Release Mono|Any CPU
		Release|Any CPU = Release|Any CPU
	EndGlobalSection
	GlobalSection(ProjectConfigurationPlatforms) = postSolution
		{85100D3E-471C-47C9-9687-ABF25F617ED7}.Debug Mono|Any CPU.ActiveCfg = Debug Mono|Any CPU
		{85100D3E-471C-47C9-9687-ABF25F617ED7}.Debug Mono|Any CPU.Build.0 = Debug Mono|Any CPU
		{85100D3E-471C-47C9-9687-ABF25F617ED7}.Debug|Any CPU.ActiveCfg = Debug|Any CPU
		{85100D3E-471C-47C9-9687-ABF25F617ED7}.Debug|Any CPU.Build.0 = Debug|Any CPU
		{85100D3E-471C-47C9-9687-ABF25F617ED7}.Release Mono|Any CPU.ActiveCfg = Release Mono|Any CPU
		{85100D3E-471C-47C9-9687-ABF25F617ED7}.Release Mono|Any CPU.Build.0 = Release Mono|Any CPU
		{85100D3E-471C-47C9-9687-ABF25F617ED7}.Release|Any CPU.ActiveCfg = Release|Any CPU
		{85100D3E-471C-47C9-9687-ABF25F617ED7}.Release|Any CPU.Build.0 = Release|Any CPU
		{7A5EAB47-EC25-4581-8276-978EC44D69AD}.Debug Mono|Any CPU.ActiveCfg = Debug Mono|Any CPU
		{7A5EAB47-EC25-4581-8276-978EC44D69AD}.Debug Mono|Any CPU.Build.0 = Debug Mono|Any CPU
		{7A5EAB47-EC25-4581-8276-978EC44D69AD}.Debug|Any CPU.ActiveCfg = Debug|Any CPU
		{7A5EAB47-EC25-4581-8276-978EC44D69AD}.Debug|Any CPU.Build.0 = Debug|Any CPU
		{7A5EAB47-EC25-4581-8276-978EC44D69AD}.Release Mono|Any CPU.ActiveCfg = Release Mono|Any CPU
		{7A5EAB47-EC25-4581-8276-978EC44D69AD}.Release Mono|Any CPU.Build.0 = Release Mono|Any CPU
		{7A5EAB47-EC25-4581-8276-978EC44D69AD}.Release|Any CPU.ActiveCfg = Release|Any CPU
		{7A5EAB47-EC25-4581-8276-978EC44D69AD}.Release|Any CPU.Build.0 = Release|Any CPU
		{EA38C1F1-C4BD-4ED7-9B60-C95DF22D6A72}.Debug Mono|Any CPU.ActiveCfg = Debug Mono|Any CPU
		{EA38C1F1-C4BD-4ED7-9B60-C95DF22D6A72}.Debug Mono|Any CPU.Build.0 = Debug Mono|Any CPU
		{EA38C1F1-C4BD-4ED7-9B60-C95DF22D6A72}.Debug|Any CPU.ActiveCfg = Debug|Any CPU
		{EA38C1F1-C4BD-4ED7-9B60-C95DF22D6A72}.Debug|Any CPU.Build.0 = Debug|Any CPU
		{EA38C1F1-C4BD-4ED7-9B60-C95DF22D6A72}.Release Mono|Any CPU.ActiveCfg = Release Mono|Any CPU
		{EA38C1F1-C4BD-4ED7-9B60-C95DF22D6A72}.Release Mono|Any CPU.Build.0 = Release Mono|Any CPU
		{EA38C1F1-C4BD-4ED7-9B60-C95DF22D6A72}.Release|Any CPU.ActiveCfg = Release|Any CPU
		{EA38C1F1-C4BD-4ED7-9B60-C95DF22D6A72}.Release|Any CPU.Build.0 = Release|Any CPU
		{76E7A94E-5DCB-4B12-8D9E-7BD5084CE073}.Debug Mono|Any CPU.ActiveCfg = Debug Mono|Any CPU
		{76E7A94E-5DCB-4B12-8D9E-7BD5084CE073}.Debug Mono|Any CPU.Build.0 = Debug Mono|Any CPU
		{76E7A94E-5DCB-4B12-8D9E-7BD5084CE073}.Debug|Any CPU.ActiveCfg = Debug|Any CPU
		{76E7A94E-5DCB-4B12-8D9E-7BD5084CE073}.Debug|Any CPU.Build.0 = Debug|Any CPU
		{76E7A94E-5DCB-4B12-8D9E-7BD5084CE073}.Release Mono|Any CPU.ActiveCfg = Release Mono|Any CPU
		{76E7A94E-5DCB-4B12-8D9E-7BD5084CE073}.Release Mono|Any CPU.Build.0 = Release Mono|Any CPU
		{76E7A94E-5DCB-4B12-8D9E-7BD5084CE073}.Release|Any CPU.ActiveCfg = Release|Any CPU
		{76E7A94E-5DCB-4B12-8D9E-7BD5084CE073}.Release|Any CPU.Build.0 = Release|Any CPU
		{9AF0770C-7E9F-483F-8429-D7894F06EB6C}.Debug Mono|Any CPU.ActiveCfg = Debug Mono|Any CPU
		{9AF0770C-7E9F-483F-8429-D7894F06EB6C}.Debug Mono|Any CPU.Build.0 = Debug Mono|Any CPU
		{9AF0770C-7E9F-483F-8429-D7894F06EB6C}.Debug|Any CPU.ActiveCfg = Debug|Any CPU
		{9AF0770C-7E9F-483F-8429-D7894F06EB6C}.Debug|Any CPU.Build.0 = Debug|Any CPU
		{9AF0770C-7E9F-483F-8429-D7894F06EB6C}.Release Mono|Any CPU.ActiveCfg = Release Mono|Any CPU
		{9AF0770C-7E9F-483F-8429-D7894F06EB6C}.Release Mono|Any CPU.Build.0 = Release Mono|Any CPU
		{9AF0770C-7E9F-483F-8429-D7894F06EB6C}.Release|Any CPU.ActiveCfg = Release|Any CPU
		{9AF0770C-7E9F-483F-8429-D7894F06EB6C}.Release|Any CPU.Build.0 = Release|Any CPU
		{9CA6A6B8-2E7A-4D2C-AC35-D369F6B15AC8}.Debug Mono|Any CPU.ActiveCfg = Debug Mono|Any CPU
		{9CA6A6B8-2E7A-4D2C-AC35-D369F6B15AC8}.Debug Mono|Any CPU.Build.0 = Debug Mono|Any CPU
		{9CA6A6B8-2E7A-4D2C-AC35-D369F6B15AC8}.Debug|Any CPU.ActiveCfg = Debug|Any CPU
		{9CA6A6B8-2E7A-4D2C-AC35-D369F6B15AC8}.Debug|Any CPU.Build.0 = Debug|Any CPU
		{9CA6A6B8-2E7A-4D2C-AC35-D369F6B15AC8}.Release Mono|Any CPU.ActiveCfg = Release Mono|Any CPU
		{9CA6A6B8-2E7A-4D2C-AC35-D369F6B15AC8}.Release Mono|Any CPU.Build.0 = Release Mono|Any CPU
		{9CA6A6B8-2E7A-4D2C-AC35-D369F6B15AC8}.Release|Any CPU.ActiveCfg = Release|Any CPU
		{9CA6A6B8-2E7A-4D2C-AC35-D369F6B15AC8}.Release|Any CPU.Build.0 = Release|Any CPU
		{F6EAD428-E6CF-4DF6-B2F3-D33D532C5343}.Debug Mono|Any CPU.ActiveCfg = Debug Mono|Any CPU
		{F6EAD428-E6CF-4DF6-B2F3-D33D532C5343}.Debug Mono|Any CPU.Build.0 = Debug Mono|Any CPU
		{F6EAD428-E6CF-4DF6-B2F3-D33D532C5343}.Debug|Any CPU.ActiveCfg = Debug|Any CPU
		{F6EAD428-E6CF-4DF6-B2F3-D33D532C5343}.Debug|Any CPU.Build.0 = Debug|Any CPU
		{F6EAD428-E6CF-4DF6-B2F3-D33D532C5343}.Release Mono|Any CPU.ActiveCfg = Release Mono|Any CPU
		{F6EAD428-E6CF-4DF6-B2F3-D33D532C5343}.Release Mono|Any CPU.Build.0 = Release Mono|Any CPU
		{F6EAD428-E6CF-4DF6-B2F3-D33D532C5343}.Release|Any CPU.ActiveCfg = Release|Any CPU
		{F6EAD428-E6CF-4DF6-B2F3-D33D532C5343}.Release|Any CPU.Build.0 = Release|Any CPU
		{AD9ECE2B-8268-4115-8DC8-860FBD011FFF}.Debug Mono|Any CPU.ActiveCfg = Debug Mono|Any CPU
		{AD9ECE2B-8268-4115-8DC8-860FBD011FFF}.Debug Mono|Any CPU.Build.0 = Debug Mono|Any CPU
		{AD9ECE2B-8268-4115-8DC8-860FBD011FFF}.Debug|Any CPU.ActiveCfg = Debug|Any CPU
		{AD9ECE2B-8268-4115-8DC8-860FBD011FFF}.Debug|Any CPU.Build.0 = Debug|Any CPU
		{AD9ECE2B-8268-4115-8DC8-860FBD011FFF}.Release Mono|Any CPU.ActiveCfg = Release Mono|Any CPU
		{AD9ECE2B-8268-4115-8DC8-860FBD011FFF}.Release Mono|Any CPU.Build.0 = Release Mono|Any CPU
		{AD9ECE2B-8268-4115-8DC8-860FBD011FFF}.Release|Any CPU.ActiveCfg = Release|Any CPU
		{AD9ECE2B-8268-4115-8DC8-860FBD011FFF}.Release|Any CPU.Build.0 = Release|Any CPU
		{4405F68E-3B55-4743-A5CD-BD1DC08CB8AA}.Debug Mono|Any CPU.ActiveCfg = Debug Mono|Any CPU
		{4405F68E-3B55-4743-A5CD-BD1DC08CB8AA}.Debug Mono|Any CPU.Build.0 = Debug Mono|Any CPU
		{4405F68E-3B55-4743-A5CD-BD1DC08CB8AA}.Debug|Any CPU.ActiveCfg = Debug|Any CPU
		{4405F68E-3B55-4743-A5CD-BD1DC08CB8AA}.Debug|Any CPU.Build.0 = Debug|Any CPU
		{4405F68E-3B55-4743-A5CD-BD1DC08CB8AA}.Release Mono|Any CPU.ActiveCfg = Release Mono|Any CPU
		{4405F68E-3B55-4743-A5CD-BD1DC08CB8AA}.Release Mono|Any CPU.Build.0 = Release Mono|Any CPU
		{4405F68E-3B55-4743-A5CD-BD1DC08CB8AA}.Release|Any CPU.ActiveCfg = Release|Any CPU
		{4405F68E-3B55-4743-A5CD-BD1DC08CB8AA}.Release|Any CPU.Build.0 = Release|Any CPU
		{D58D0C9E-8EA5-43DD-B491-BAA575410015}.Debug Mono|Any CPU.ActiveCfg = Debug Mono|Any CPU
		{D58D0C9E-8EA5-43DD-B491-BAA575410015}.Debug Mono|Any CPU.Build.0 = Debug Mono|Any CPU
		{D58D0C9E-8EA5-43DD-B491-BAA575410015}.Debug|Any CPU.ActiveCfg = Debug|Any CPU
		{D58D0C9E-8EA5-43DD-B491-BAA575410015}.Debug|Any CPU.Build.0 = Debug|Any CPU
		{D58D0C9E-8EA5-43DD-B491-BAA575410015}.Release Mono|Any CPU.ActiveCfg = Release Mono|Any CPU
		{D58D0C9E-8EA5-43DD-B491-BAA575410015}.Release Mono|Any CPU.Build.0 = Release Mono|Any CPU
		{D58D0C9E-8EA5-43DD-B491-BAA575410015}.Release|Any CPU.ActiveCfg = Release|Any CPU
		{D58D0C9E-8EA5-43DD-B491-BAA575410015}.Release|Any CPU.Build.0 = Release|Any CPU
		{48E9C57A-D1BF-456C-A778-B855DFC9B91D}.Debug Mono|Any CPU.ActiveCfg = Debug Mono|Any CPU
		{48E9C57A-D1BF-456C-A778-B855DFC9B91D}.Debug Mono|Any CPU.Build.0 = Debug Mono|Any CPU
		{48E9C57A-D1BF-456C-A778-B855DFC9B91D}.Debug|Any CPU.ActiveCfg = Debug|Any CPU
		{48E9C57A-D1BF-456C-A778-B855DFC9B91D}.Debug|Any CPU.Build.0 = Debug|Any CPU
		{48E9C57A-D1BF-456C-A778-B855DFC9B91D}.Release Mono|Any CPU.ActiveCfg = Release Mono|Any CPU
		{48E9C57A-D1BF-456C-A778-B855DFC9B91D}.Release Mono|Any CPU.Build.0 = Release Mono|Any CPU
		{48E9C57A-D1BF-456C-A778-B855DFC9B91D}.Release|Any CPU.ActiveCfg = Release|Any CPU
		{48E9C57A-D1BF-456C-A778-B855DFC9B91D}.Release|Any CPU.Build.0 = Release|Any CPU
		{1B8C0C00-F5E4-42B6-A389-B01717AF9460}.Debug Mono|Any CPU.ActiveCfg = Debug Mono|Any CPU
		{1B8C0C00-F5E4-42B6-A389-B01717AF9460}.Debug Mono|Any CPU.Build.0 = Debug Mono|Any CPU
		{1B8C0C00-F5E4-42B6-A389-B01717AF9460}.Debug|Any CPU.ActiveCfg = Debug|Any CPU
		{1B8C0C00-F5E4-42B6-A389-B01717AF9460}.Debug|Any CPU.Build.0 = Debug|Any CPU
		{1B8C0C00-F5E4-42B6-A389-B01717AF9460}.Release Mono|Any CPU.ActiveCfg = Release Mono|Any CPU
		{1B8C0C00-F5E4-42B6-A389-B01717AF9460}.Release Mono|Any CPU.Build.0 = Release Mono|Any CPU
		{1B8C0C00-F5E4-42B6-A389-B01717AF9460}.Release|Any CPU.ActiveCfg = Release|Any CPU
		{1B8C0C00-F5E4-42B6-A389-B01717AF9460}.Release|Any CPU.Build.0 = Release|Any CPU
	EndGlobalSection
	GlobalSection(SolutionProperties) = preSolution
		HideSolutionNode = FALSE
	EndGlobalSection
EndGlobal
