Microsoft Visual Studio Solution File, Format Version 9.00
# Visual Studio 2005
Project("{FAE04EC0-301F-11D3-BF4B-00C04F79EFBC}") = "ClearCanvas.Common", "..\Common\ClearCanvas.Common.csproj", "{F6EAD428-E6CF-4DF6-B2F3-D33D532C5343}"
	ProjectSection(WebsiteProperties) = preProject
		Debug.AspNetCompiler.Debug = "True"
		Release.AspNetCompiler.Debug = "False"
	EndProjectSection
EndProject
Project("{FAE04EC0-301F-11D3-BF4B-00C04F79EFBC}") = "ClearCanvas.Dicom", "..\Dicom\ClearCanvas.Dicom.csproj", "{AD9ECE2B-8268-4115-8DC8-860FBD011FFF}"
	ProjectSection(WebsiteProperties) = preProject
		Debug.AspNetCompiler.Debug = "True"
		Release.AspNetCompiler.Debug = "False"
	EndProjectSection
EndProject
Project("{FAE04EC0-301F-11D3-BF4B-00C04F79EFBC}") = "ClearCanvas.Controls.WinForms", "..\Controls\WinForms\ClearCanvas.Controls.WinForms.csproj", "{CA91515F-D706-4D15-882B-811F3BDC4956}"
	ProjectSection(WebsiteProperties) = preProject
		Debug.AspNetCompiler.Debug = "True"
		Release.AspNetCompiler.Debug = "False"
	EndProjectSection
EndProject
Project("{FAE04EC0-301F-11D3-BF4B-00C04F79EFBC}") = "ClearCanvas.Desktop", "..\Desktop\ClearCanvas.Desktop.csproj", "{26E9A01A-64B5-42C5-8252-FBB30DF9CEC7}"
	ProjectSection(WebsiteProperties) = preProject
		Debug.AspNetCompiler.Debug = "True"
		Release.AspNetCompiler.Debug = "False"
	EndProjectSection
EndProject
Project("{FAE04EC0-301F-11D3-BF4B-00C04F79EFBC}") = "ClearCanvas.Desktop.Executable", "..\Desktop\Executable\ClearCanvas.Desktop.Executable.csproj", "{9CA6A6B8-2E7A-4D2C-AC35-D369F6B15AC8}"
	ProjectSection(WebsiteProperties) = preProject
		Debug.AspNetCompiler.Debug = "True"
		Release.AspNetCompiler.Debug = "False"
	EndProjectSection
	ProjectSection(ProjectDependencies) = postProject
		{1B8C0C00-F5E4-42B6-A389-B01717AF9460} = {1B8C0C00-F5E4-42B6-A389-B01717AF9460}
		{36A4206C-5618-4ECA-A123-67D0C1252086} = {36A4206C-5618-4ECA-A123-67D0C1252086}
		{26E9A01A-64B5-42C5-8252-FBB30DF9CEC7} = {26E9A01A-64B5-42C5-8252-FBB30DF9CEC7}
		{3930FE1D-74C7-49E0-8E0D-05C0FEE194A8} = {3930FE1D-74C7-49E0-8E0D-05C0FEE194A8}
		{AA917C1F-958A-4626-9A72-D41DFE07B816} = {AA917C1F-958A-4626-9A72-D41DFE07B816}
		{4822272B-D8B3-43DE-A55D-8A04720DE181} = {4822272B-D8B3-43DE-A55D-8A04720DE181}
		{AD9ECE2B-8268-4115-8DC8-860FBD011FFF} = {AD9ECE2B-8268-4115-8DC8-860FBD011FFF}
		{152F7337-3DA3-4047-9E59-01989EEB7030} = {152F7337-3DA3-4047-9E59-01989EEB7030}
		{AFD2273D-4124-466B-A9BA-0623347435EA} = {AFD2273D-4124-466B-A9BA-0623347435EA}
		{85100D3E-471C-47C9-9687-ABF25F617ED7} = {85100D3E-471C-47C9-9687-ABF25F617ED7}
		{DB155C43-8966-4AB5-AE4F-40489FA33ABA} = {DB155C43-8966-4AB5-AE4F-40489FA33ABA}
		{7A5EAB47-EC25-4581-8276-978EC44D69AD} = {7A5EAB47-EC25-4581-8276-978EC44D69AD}
		{F38AAF4B-2F51-4E28-A63F-87F35B4CBE2B} = {F38AAF4B-2F51-4E28-A63F-87F35B4CBE2B}
		{76E7A94E-5DCB-4B12-8D9E-7BD5084CE073} = {76E7A94E-5DCB-4B12-8D9E-7BD5084CE073}
		{ACCD054F-5788-4747-959A-551E6E4B477C} = {ACCD054F-5788-4747-959A-551E6E4B477C}
		{A3FD975D-F9A7-4435-B4E2-BB7FAEB92B44} = {A3FD975D-F9A7-4435-B4E2-BB7FAEB92B44}
		{4454D96D-8E43-44CB-987B-FCAFCD98BCC0} = {4454D96D-8E43-44CB-987B-FCAFCD98BCC0}
		{86463672-CB30-41E7-BF90-36AF6CDA6729} = {86463672-CB30-41E7-BF90-36AF6CDA6729}
		{A7C78084-947E-4955-9473-9F186B760AEC} = {A7C78084-947E-4955-9473-9F186B760AEC}
		{9DD80D93-472E-4B9B-B896-24CF36C3C956} = {9DD80D93-472E-4B9B-B896-24CF36C3C956}
		{12DB8195-F96E-471E-B5FC-73C098CAF8C7} = {12DB8195-F96E-471E-B5FC-73C098CAF8C7}
		{9312CE96-354D-4451-A060-924E652F1D89} = {9312CE96-354D-4451-A060-924E652F1D89}
		{BA5FDA96-AFD6-4546-A294-24D6BC77E808} = {BA5FDA96-AFD6-4546-A294-24D6BC77E808}
		{BB434EC3-A580-4744-A635-A2B4029C66DE} = {BB434EC3-A580-4744-A635-A2B4029C66DE}
		{14111EC7-C62E-4483-8573-7C04986D048F} = {14111EC7-C62E-4483-8573-7C04986D048F}
		{AD9F87CF-0F30-442D-ACCD-80FACC339F22} = {AD9F87CF-0F30-442D-ACCD-80FACC339F22}
		{1BC2A9D5-E0F6-4ACC-876B-C219E0EA2561} = {1BC2A9D5-E0F6-4ACC-876B-C219E0EA2561}
		{085823EA-DDAE-4DAF-A99D-17F75A03CF23} = {085823EA-DDAE-4DAF-A99D-17F75A03CF23}
		{513239F1-2B18-4E53-8D5D-B0CD223E707B} = {513239F1-2B18-4E53-8D5D-B0CD223E707B}
		{EA38C1F1-C4BD-4ED7-9B60-C95DF22D6A72} = {EA38C1F1-C4BD-4ED7-9B60-C95DF22D6A72}
		{223DFDC9-B1F5-441D-B659-33F9E55E74A5} = {223DFDC9-B1F5-441D-B659-33F9E55E74A5}
		{1AC0E6EC-4E65-4B90-936B-7174B870A30F} = {1AC0E6EC-4E65-4B90-936B-7174B870A30F}
		{9AF0770C-7E9F-483F-8429-D7894F06EB6C} = {9AF0770C-7E9F-483F-8429-D7894F06EB6C}
	EndProjectSection
EndProject
Project("{FAE04EC0-301F-11D3-BF4B-00C04F79EFBC}") = "ClearCanvas.Desktop.ExtensionBrowser", "..\Desktop\ExtensionBrowser\ClearCanvas.Desktop.ExtensionBrowser.csproj", "{1BC2A9D5-E0F6-4ACC-876B-C219E0EA2561}"
	ProjectSection(WebsiteProperties) = preProject
		Debug.AspNetCompiler.Debug = "True"
		Release.AspNetCompiler.Debug = "False"
	EndProjectSection
EndProject
Project("{FAE04EC0-301F-11D3-BF4B-00C04F79EFBC}") = "ClearCanvas.Desktop.ExtensionBrowser.View.WinForms", "..\Desktop\ExtensionBrowser\View\WinForms\ClearCanvas.Desktop.ExtensionBrowser.View.WinForms.csproj", "{BA5FDA96-AFD6-4546-A294-24D6BC77E808}"
	ProjectSection(WebsiteProperties) = preProject
		Debug.AspNetCompiler.Debug = "True"
		Release.AspNetCompiler.Debug = "False"
	EndProjectSection
EndProject
Project("{FAE04EC0-301F-11D3-BF4B-00C04F79EFBC}") = "ClearCanvas.ImageViewer", "ClearCanvas.ImageViewer.csproj", "{85100D3E-471C-47C9-9687-ABF25F617ED7}"
	ProjectSection(WebsiteProperties) = preProject
		Debug.AspNetCompiler.Debug = "True"
		Release.AspNetCompiler.Debug = "False"
	EndProjectSection
EndProject
Project("{FAE04EC0-301F-11D3-BF4B-00C04F79EFBC}") = "ClearCanvas.ImageViewer.Tools.Measurement", "Tools\Measurement\ClearCanvas.ImageViewer.Tools.Measurement.csproj", "{76E7A94E-5DCB-4B12-8D9E-7BD5084CE073}"
	ProjectSection(WebsiteProperties) = preProject
		Debug.AspNetCompiler.Debug = "True"
		Release.AspNetCompiler.Debug = "False"
	EndProjectSection
EndProject
Project("{FAE04EC0-301F-11D3-BF4B-00C04F79EFBC}") = "ClearCanvas.ImageViewer.Tools.Standard", "Tools\Standard\ClearCanvas.ImageViewer.Tools.Standard.csproj", "{9AF0770C-7E9F-483F-8429-D7894F06EB6C}"
	ProjectSection(WebsiteProperties) = preProject
		Debug.AspNetCompiler.Debug = "True"
		Release.AspNetCompiler.Debug = "False"
	EndProjectSection
EndProject
Project("{FAE04EC0-301F-11D3-BF4B-00C04F79EFBC}") = "ClearCanvas.ImageViewer.Layout.Basic", "Layout\Basic\ClearCanvas.ImageViewer.Layout.Basic.csproj", "{EA38C1F1-C4BD-4ED7-9B60-C95DF22D6A72}"
	ProjectSection(WebsiteProperties) = preProject
		Debug.AspNetCompiler.Debug = "True"
		Release.AspNetCompiler.Debug = "False"
	EndProjectSection
EndProject
Project("{FAE04EC0-301F-11D3-BF4B-00C04F79EFBC}") = "ClearCanvas.ImageViewer.Layout.Basic.View.WinForms", "Layout\Basic\View\WinForms\ClearCanvas.ImageViewer.Layout.Basic.View.WinForms.csproj", "{152F7337-3DA3-4047-9E59-01989EEB7030}"
	ProjectSection(WebsiteProperties) = preProject
		Debug.AspNetCompiler.Debug = "True"
		Release.AspNetCompiler.Debug = "False"
	EndProjectSection
EndProject
Project("{FAE04EC0-301F-11D3-BF4B-00C04F79EFBC}") = "ClearCanvas.ImageViewer.StudyFinders.LocalDataStore", "StudyFinders\LocalDataStore\ClearCanvas.ImageViewer.StudyFinders.LocalDataStore.csproj", "{A3FD975D-F9A7-4435-B4E2-BB7FAEB92B44}"
	ProjectSection(WebsiteProperties) = preProject
		Debug.AspNetCompiler.Debug = "True"
		Release.AspNetCompiler.Debug = "False"
	EndProjectSection
	ProjectSection(ProjectDependencies) = postProject
		{3930FE1D-74C7-49E0-8E0D-05C0FEE194A8} = {3930FE1D-74C7-49E0-8E0D-05C0FEE194A8}
		{F6EAD428-E6CF-4DF6-B2F3-D33D532C5343} = {F6EAD428-E6CF-4DF6-B2F3-D33D532C5343}
		{AD9ECE2B-8268-4115-8DC8-860FBD011FFF} = {AD9ECE2B-8268-4115-8DC8-860FBD011FFF}
		{85100D3E-471C-47C9-9687-ABF25F617ED7} = {85100D3E-471C-47C9-9687-ABF25F617ED7}
	EndProjectSection
EndProject
Project("{FAE04EC0-301F-11D3-BF4B-00C04F79EFBC}") = "ClearCanvas.ImageViewer.StudyFinders.Remote", "StudyFinders\Remote\ClearCanvas.ImageViewer.StudyFinders.Remote.csproj", "{4454D96D-8E43-44CB-987B-FCAFCD98BCC0}"
	ProjectSection(WebsiteProperties) = preProject
		Debug.AspNetCompiler.Debug = "True"
		Release.AspNetCompiler.Debug = "False"
	EndProjectSection
EndProject
Project("{FAE04EC0-301F-11D3-BF4B-00C04F79EFBC}") = "ClearCanvas.Desktop.View.WinForms", "..\Desktop\View\WinForms\ClearCanvas.Desktop.View.WinForms.csproj", "{BB434EC3-A580-4744-A635-A2B4029C66DE}"
	ProjectSection(WebsiteProperties) = preProject
		Debug.AspNetCompiler.Debug = "True"
		Release.AspNetCompiler.Debug = "False"
	EndProjectSection
EndProject
Project("{FAE04EC0-301F-11D3-BF4B-00C04F79EFBC}") = "ClearCanvas.Desktop.Help", "..\Desktop\Help\ClearCanvas.Desktop.Help.csproj", "{AA917C1F-958A-4626-9A72-D41DFE07B816}"
	ProjectSection(WebsiteProperties) = preProject
		Debug.AspNetCompiler.Debug = "True"
		Release.AspNetCompiler.Debug = "False"
	EndProjectSection
EndProject
Project("{FAE04EC0-301F-11D3-BF4B-00C04F79EFBC}") = "ClearCanvas.ImageViewer.StudyLoaders.LocalDataStore", "StudyLoaders\LocalDataStore\ClearCanvas.ImageViewer.StudyLoaders.LocalDataStore.csproj", "{DB155C43-8966-4AB5-AE4F-40489FA33ABA}"
	ProjectSection(WebsiteProperties) = preProject
		Debug.AspNetCompiler.Debug = "True"
		Release.AspNetCompiler.Debug = "False"
	EndProjectSection
EndProject
Project("{FAE04EC0-301F-11D3-BF4B-00C04F79EFBC}") = "ClearCanvas.Codecs", "..\Codecs\ClearCanvas.Codecs.csproj", "{86463672-CB30-41E7-BF90-36AF6CDA6729}"
	ProjectSection(WebsiteProperties) = preProject
		Debug.AspNetCompiler.Debug = "True"
		Release.AspNetCompiler.Debug = "False"
	EndProjectSection
EndProject
Project("{FAE04EC0-301F-11D3-BF4B-00C04F79EFBC}") = "ClearCanvas.Desktop.Edit", "..\Desktop\Edit\ClearCanvas.Desktop.Edit.csproj", "{7A5EAB47-EC25-4581-8276-978EC44D69AD}"
	ProjectSection(WebsiteProperties) = preProject
		Debug.AspNetCompiler.Debug = "True"
		Release.AspNetCompiler.Debug = "False"
	EndProjectSection
EndProject
Project("{FAE04EC0-301F-11D3-BF4B-00C04F79EFBC}") = "ClearCanvas.Desktop.Explorer", "..\Desktop\Explorer\ClearCanvas.Desktop.Explorer.csproj", "{085823EA-DDAE-4DAF-A99D-17F75A03CF23}"
	ProjectSection(WebsiteProperties) = preProject
		Debug.AspNetCompiler.Debug = "True"
		Release.AspNetCompiler.Debug = "False"
	EndProjectSection
EndProject
Project("{FAE04EC0-301F-11D3-BF4B-00C04F79EFBC}") = "ClearCanvas.ImageViewer.Explorer.Local", "Explorer\Local\ClearCanvas.ImageViewer.Explorer.Local.csproj", "{AD9F87CF-0F30-442D-ACCD-80FACC339F22}"
	ProjectSection(WebsiteProperties) = preProject
		Debug.AspNetCompiler.Debug = "True"
		Release.AspNetCompiler.Debug = "False"
	EndProjectSection
	ProjectSection(ProjectDependencies) = postProject
		{085823EA-DDAE-4DAF-A99D-17F75A03CF23} = {085823EA-DDAE-4DAF-A99D-17F75A03CF23}
	EndProjectSection
EndProject
Project("{FAE04EC0-301F-11D3-BF4B-00C04F79EFBC}") = "ClearCanvas.Dicom.DataStore", "..\Dicom\DataStore\ClearCanvas.Dicom.DataStore.csproj", "{3930FE1D-74C7-49E0-8E0D-05C0FEE194A8}"
	ProjectSection(WebsiteProperties) = preProject
		Debug.AspNetCompiler.Debug = "True"
		Release.AspNetCompiler.Debug = "False"
	EndProjectSection
EndProject
Project("{FAE04EC0-301F-11D3-BF4B-00C04F79EFBC}") = "ClearCanvas.Utilities.RebuildDatabase", "..\Utilities\RebuildDatabase\ClearCanvas.Utilities.RebuildDatabase.csproj", "{12DB8195-F96E-471E-B5FC-73C098CAF8C7}"
	ProjectSection(WebsiteProperties) = preProject
		Debug.AspNetCompiler.Debug = "True"
		Release.AspNetCompiler.Debug = "False"
	EndProjectSection
	ProjectSection(ProjectDependencies) = postProject
		{3930FE1D-74C7-49E0-8E0D-05C0FEE194A8} = {3930FE1D-74C7-49E0-8E0D-05C0FEE194A8}
		{F6EAD428-E6CF-4DF6-B2F3-D33D532C5343} = {F6EAD428-E6CF-4DF6-B2F3-D33D532C5343}
		{AD9ECE2B-8268-4115-8DC8-860FBD011FFF} = {AD9ECE2B-8268-4115-8DC8-860FBD011FFF}
		{CA91515F-D706-4D15-882B-811F3BDC4956} = {CA91515F-D706-4D15-882B-811F3BDC4956}
	EndProjectSection
EndProject
Project("{FAE04EC0-301F-11D3-BF4B-00C04F79EFBC}") = "ClearCanvas.ImageViewer.Explorer.Local.View.WinForms", "Explorer\Local\View\WinForms\ClearCanvas.ImageViewer.Explorer.Local.View.WinForms.csproj", "{9DD80D93-472E-4B9B-B896-24CF36C3C956}"
	ProjectSection(WebsiteProperties) = preProject
		Debug.AspNetCompiler.Debug = "True"
		Release.AspNetCompiler.Debug = "False"
	EndProjectSection
EndProject
Project("{FAE04EC0-301F-11D3-BF4B-00C04F79EFBC}") = "ClearCanvas.ImageViewer.Explorer.Dicom", "Explorer\Dicom\ClearCanvas.ImageViewer.Explorer.Dicom.csproj", "{14111EC7-C62E-4483-8573-7C04986D048F}"
	ProjectSection(WebsiteProperties) = preProject
		Debug.AspNetCompiler.Debug = "True"
		Release.AspNetCompiler.Debug = "False"
	EndProjectSection
EndProject
Project("{FAE04EC0-301F-11D3-BF4B-00C04F79EFBC}") = "ClearCanvas.ImageViewer.Explorer.Dicom.View.WinForms", "Explorer\Dicom\View\WinForms\ClearCanvas.ImageViewer.Explorer.Dicom.View.WinForms.csproj", "{4822272B-D8B3-43DE-A55D-8A04720DE181}"
	ProjectSection(WebsiteProperties) = preProject
		Debug.AspNetCompiler.Debug = "True"
		Release.AspNetCompiler.Debug = "False"
	EndProjectSection
EndProject
Project("{FAE04EC0-301F-11D3-BF4B-00C04F79EFBC}") = "ClearCanvas.Dicom.Services", "..\Dicom\Services\ClearCanvas.Dicom.Services.csproj", "{F38AAF4B-2F51-4E28-A63F-87F35B4CBE2B}"
	ProjectSection(WebsiteProperties) = preProject
		Debug.AspNetCompiler.Debug = "True"
		Release.AspNetCompiler.Debug = "False"
	EndProjectSection
	ProjectSection(ProjectDependencies) = postProject
		{3930FE1D-74C7-49E0-8E0D-05C0FEE194A8} = {3930FE1D-74C7-49E0-8E0D-05C0FEE194A8}
		{AD9ECE2B-8268-4115-8DC8-860FBD011FFF} = {AD9ECE2B-8268-4115-8DC8-860FBD011FFF}
	EndProjectSection
EndProject
Project("{FAE04EC0-301F-11D3-BF4B-00C04F79EFBC}") = "ClearCanvas.ImageViewer.AnnotationProviders", "AnnotationProviders\ClearCanvas.ImageViewer.AnnotationProviders.csproj", "{A7C78084-947E-4955-9473-9F186B760AEC}"
	ProjectSection(WebsiteProperties) = preProject
		Debug.AspNetCompiler.Debug = "True"
		Release.AspNetCompiler.Debug = "False"
	EndProjectSection
EndProject
Project("{FAE04EC0-301F-11D3-BF4B-00C04F79EFBC}") = "ClearCanvas.ImageViewer.Explorer.Local.Tools", "Explorer\Local\Tools\ClearCanvas.ImageViewer.Explorer.Local.Tools.csproj", "{9312CE96-354D-4451-A060-924E652F1D89}"
	ProjectSection(WebsiteProperties) = preProject
		Debug.AspNetCompiler.Debug = "True"
		Release.AspNetCompiler.Debug = "False"
	EndProjectSection
EndProject
Project("{FAE04EC0-301F-11D3-BF4B-00C04F79EFBC}") = "ClearCanvas.Utilities.DicomEditor", "..\Utilities\DicomEditor\ClearCanvas.Utilities.DicomEditor.csproj", "{ACCD054F-5788-4747-959A-551E6E4B477C}"
	ProjectSection(WebsiteProperties) = preProject
		Debug.AspNetCompiler.Debug = "True"
		Release.AspNetCompiler.Debug = "False"
	EndProjectSection
EndProject
Project("{FAE04EC0-301F-11D3-BF4B-00C04F79EFBC}") = "ClearCanvas.Utilities.DicomEditor.View.WinForms", "..\Utilities\DicomEditor\View\WinForms\ClearCanvas.Utilities.DicomEditor.View.WinForms.csproj", "{513239F1-2B18-4E53-8D5D-B0CD223E707B}"
	ProjectSection(WebsiteProperties) = preProject
		Debug.AspNetCompiler.Debug = "True"
		Release.AspNetCompiler.Debug = "False"
	EndProjectSection
EndProject
Project("{FAE04EC0-301F-11D3-BF4B-00C04F79EFBC}") = "ClearCanvas.ImageViewer.View.WinForms", "View\WinForms\ClearCanvas.ImageViewer.View.WinForms.csproj", "{1B8C0C00-F5E4-42B6-A389-B01717AF9460}"
	ProjectSection(WebsiteProperties) = preProject
		Debug.AspNetCompiler.Debug = "True"
		Release.AspNetCompiler.Debug = "False"
	EndProjectSection
EndProject
Project("{FAE04EC0-301F-11D3-BF4B-00C04F79EFBC}") = "ClearCanvas.Dicom.DataStore.NHibernateDriver", "..\Dicom\DataStore\NHibernateDriver\ClearCanvas.Dicom.DataStore.NHibernateDriver.csproj", "{AFD2273D-4124-466B-A9BA-0623347435EA}"
	ProjectSection(WebsiteProperties) = preProject
		Debug.AspNetCompiler.Debug = "True"
		Release.AspNetCompiler.Debug = "False"
	EndProjectSection
EndProject
Project("{FAE04EC0-301F-11D3-BF4B-00C04F79EFBC}") = "ClearCanvas.Desktop.Configuration", "..\Desktop\Configuration\ClearCanvas.Desktop.Configuration.csproj", "{223DFDC9-B1F5-441D-B659-33F9E55E74A5}"
	ProjectSection(WebsiteProperties) = preProject
		Debug.AspNetCompiler.Debug = "True"
		Release.AspNetCompiler.Debug = "False"
	EndProjectSection
EndProject
Project("{FAE04EC0-301F-11D3-BF4B-00C04F79EFBC}") = "ClearCanvas.Desktop.Configuration.View.WinForms", "..\Desktop\Configuration\View\WinForms\ClearCanvas.Desktop.Configuration.View.WinForms.csproj", "{1AC0E6EC-4E65-4B90-936B-7174B870A30F}"
	ProjectSection(WebsiteProperties) = preProject
		Debug.AspNetCompiler.Debug = "True"
		Release.AspNetCompiler.Debug = "False"
	EndProjectSection
EndProject
Project("{FAE04EC0-301F-11D3-BF4B-00C04F79EFBC}") = "ClearCanvas.ImageViewer.Tools.Standard.View.WinForms", "Tools\Standard\View\WinForms\ClearCanvas.ImageViewer.Tools.Standard.View.WinForms.csproj", "{36A4206C-5618-4ECA-A123-67D0C1252086}"
	ProjectSection(WebsiteProperties) = preProject
		Debug.AspNetCompiler.Debug = "True"
		Release.AspNetCompiler.Debug = "False"
	EndProjectSection
EndProject
Project("{FAE04EC0-301F-11D3-BF4B-00C04F79EFBC}") = "ClearCanvas.ImageViewer.Services", "Services\ClearCanvas.ImageViewer.Services.csproj", "{2F464B93-3631-4886-96A0-D3F493536997}"
	ProjectSection(WebsiteProperties) = preProject
		Debug.AspNetCompiler.Debug = "True"
		Release.AspNetCompiler.Debug = "False"
	EndProjectSection
EndProject
Project("{FAE04EC0-301F-11D3-BF4B-00C04F79EFBC}") = "ClearCanvas.ImageViewer.Configuration", "Configuration\ClearCanvas.ImageViewer.Configuration.csproj", "{89DF567B-A0D1-456A-A28F-043FD57D7F9A}"
EndProject
Project("{FAE04EC0-301F-11D3-BF4B-00C04F79EFBC}") = "ClearCanvas.ImageViewer.Configuration.View.WinForms", "Configuration\View\WinForms\ClearCanvas.ImageViewer.Configuration.View.WinForms.csproj", "{9929C5B6-C13B-4436-9326-955EDE2CA102}"
EndProject
Global
	GlobalSection(SolutionConfigurationPlatforms) = preSolution
		Debug|Any CPU = Debug|Any CPU
		Release|Any CPU = Release|Any CPU
	EndGlobalSection
	GlobalSection(ProjectConfigurationPlatforms) = postSolution
		{F6EAD428-E6CF-4DF6-B2F3-D33D532C5343}.Debug|Any CPU.ActiveCfg = Debug|Any CPU
		{F6EAD428-E6CF-4DF6-B2F3-D33D532C5343}.Debug|Any CPU.Build.0 = Debug|Any CPU
		{F6EAD428-E6CF-4DF6-B2F3-D33D532C5343}.Release|Any CPU.ActiveCfg = Release|Any CPU
		{F6EAD428-E6CF-4DF6-B2F3-D33D532C5343}.Release|Any CPU.Build.0 = Release|Any CPU
		{AD9ECE2B-8268-4115-8DC8-860FBD011FFF}.Debug|Any CPU.ActiveCfg = Debug|Any CPU
		{AD9ECE2B-8268-4115-8DC8-860FBD011FFF}.Debug|Any CPU.Build.0 = Debug|Any CPU
		{AD9ECE2B-8268-4115-8DC8-860FBD011FFF}.Release|Any CPU.ActiveCfg = Release|Any CPU
		{AD9ECE2B-8268-4115-8DC8-860FBD011FFF}.Release|Any CPU.Build.0 = Release|Any CPU
		{CA91515F-D706-4D15-882B-811F3BDC4956}.Debug|Any CPU.ActiveCfg = Debug|Any CPU
		{CA91515F-D706-4D15-882B-811F3BDC4956}.Debug|Any CPU.Build.0 = Debug|Any CPU
		{CA91515F-D706-4D15-882B-811F3BDC4956}.Release|Any CPU.ActiveCfg = Release|Any CPU
		{CA91515F-D706-4D15-882B-811F3BDC4956}.Release|Any CPU.Build.0 = Release|Any CPU
		{26E9A01A-64B5-42C5-8252-FBB30DF9CEC7}.Debug|Any CPU.ActiveCfg = Debug|Any CPU
		{26E9A01A-64B5-42C5-8252-FBB30DF9CEC7}.Debug|Any CPU.Build.0 = Debug|Any CPU
		{26E9A01A-64B5-42C5-8252-FBB30DF9CEC7}.Release|Any CPU.ActiveCfg = Release|Any CPU
		{26E9A01A-64B5-42C5-8252-FBB30DF9CEC7}.Release|Any CPU.Build.0 = Release|Any CPU
		{9CA6A6B8-2E7A-4D2C-AC35-D369F6B15AC8}.Debug|Any CPU.ActiveCfg = Debug|Any CPU
		{9CA6A6B8-2E7A-4D2C-AC35-D369F6B15AC8}.Debug|Any CPU.Build.0 = Debug|Any CPU
		{9CA6A6B8-2E7A-4D2C-AC35-D369F6B15AC8}.Release|Any CPU.ActiveCfg = Release|Any CPU
		{9CA6A6B8-2E7A-4D2C-AC35-D369F6B15AC8}.Release|Any CPU.Build.0 = Release|Any CPU
		{1BC2A9D5-E0F6-4ACC-876B-C219E0EA2561}.Debug|Any CPU.ActiveCfg = Debug|Any CPU
		{1BC2A9D5-E0F6-4ACC-876B-C219E0EA2561}.Debug|Any CPU.Build.0 = Debug|Any CPU
		{1BC2A9D5-E0F6-4ACC-876B-C219E0EA2561}.Release|Any CPU.ActiveCfg = Release|Any CPU
		{1BC2A9D5-E0F6-4ACC-876B-C219E0EA2561}.Release|Any CPU.Build.0 = Release|Any CPU
		{BA5FDA96-AFD6-4546-A294-24D6BC77E808}.Debug|Any CPU.ActiveCfg = Debug|Any CPU
		{BA5FDA96-AFD6-4546-A294-24D6BC77E808}.Debug|Any CPU.Build.0 = Debug|Any CPU
		{BA5FDA96-AFD6-4546-A294-24D6BC77E808}.Release|Any CPU.ActiveCfg = Release|Any CPU
		{BA5FDA96-AFD6-4546-A294-24D6BC77E808}.Release|Any CPU.Build.0 = Release|Any CPU
		{85100D3E-471C-47C9-9687-ABF25F617ED7}.Debug|Any CPU.ActiveCfg = Debug|Any CPU
		{85100D3E-471C-47C9-9687-ABF25F617ED7}.Debug|Any CPU.Build.0 = Debug|Any CPU
		{85100D3E-471C-47C9-9687-ABF25F617ED7}.Release|Any CPU.ActiveCfg = Release|Any CPU
		{85100D3E-471C-47C9-9687-ABF25F617ED7}.Release|Any CPU.Build.0 = Release|Any CPU
		{76E7A94E-5DCB-4B12-8D9E-7BD5084CE073}.Debug|Any CPU.ActiveCfg = Debug|Any CPU
		{76E7A94E-5DCB-4B12-8D9E-7BD5084CE073}.Debug|Any CPU.Build.0 = Debug|Any CPU
		{76E7A94E-5DCB-4B12-8D9E-7BD5084CE073}.Release|Any CPU.ActiveCfg = Release|Any CPU
		{76E7A94E-5DCB-4B12-8D9E-7BD5084CE073}.Release|Any CPU.Build.0 = Release|Any CPU
		{9AF0770C-7E9F-483F-8429-D7894F06EB6C}.Debug|Any CPU.ActiveCfg = Debug|Any CPU
		{9AF0770C-7E9F-483F-8429-D7894F06EB6C}.Debug|Any CPU.Build.0 = Debug|Any CPU
		{9AF0770C-7E9F-483F-8429-D7894F06EB6C}.Release|Any CPU.ActiveCfg = Release|Any CPU
		{9AF0770C-7E9F-483F-8429-D7894F06EB6C}.Release|Any CPU.Build.0 = Release|Any CPU
		{EA38C1F1-C4BD-4ED7-9B60-C95DF22D6A72}.Debug|Any CPU.ActiveCfg = Debug|Any CPU
		{EA38C1F1-C4BD-4ED7-9B60-C95DF22D6A72}.Debug|Any CPU.Build.0 = Debug|Any CPU
		{EA38C1F1-C4BD-4ED7-9B60-C95DF22D6A72}.Release|Any CPU.ActiveCfg = Release|Any CPU
		{EA38C1F1-C4BD-4ED7-9B60-C95DF22D6A72}.Release|Any CPU.Build.0 = Release|Any CPU
		{152F7337-3DA3-4047-9E59-01989EEB7030}.Debug|Any CPU.ActiveCfg = Debug|Any CPU
		{152F7337-3DA3-4047-9E59-01989EEB7030}.Debug|Any CPU.Build.0 = Debug|Any CPU
		{152F7337-3DA3-4047-9E59-01989EEB7030}.Release|Any CPU.ActiveCfg = Release|Any CPU
		{152F7337-3DA3-4047-9E59-01989EEB7030}.Release|Any CPU.Build.0 = Release|Any CPU
		{A3FD975D-F9A7-4435-B4E2-BB7FAEB92B44}.Debug|Any CPU.ActiveCfg = Debug|Any CPU
		{A3FD975D-F9A7-4435-B4E2-BB7FAEB92B44}.Debug|Any CPU.Build.0 = Debug|Any CPU
		{A3FD975D-F9A7-4435-B4E2-BB7FAEB92B44}.Release|Any CPU.ActiveCfg = Release|Any CPU
		{A3FD975D-F9A7-4435-B4E2-BB7FAEB92B44}.Release|Any CPU.Build.0 = Release|Any CPU
		{4454D96D-8E43-44CB-987B-FCAFCD98BCC0}.Debug|Any CPU.ActiveCfg = Debug|Any CPU
		{4454D96D-8E43-44CB-987B-FCAFCD98BCC0}.Debug|Any CPU.Build.0 = Debug|Any CPU
		{4454D96D-8E43-44CB-987B-FCAFCD98BCC0}.Release|Any CPU.ActiveCfg = Release|Any CPU
		{4454D96D-8E43-44CB-987B-FCAFCD98BCC0}.Release|Any CPU.Build.0 = Release|Any CPU
		{BB434EC3-A580-4744-A635-A2B4029C66DE}.Debug|Any CPU.ActiveCfg = Debug|Any CPU
		{BB434EC3-A580-4744-A635-A2B4029C66DE}.Debug|Any CPU.Build.0 = Debug|Any CPU
		{BB434EC3-A580-4744-A635-A2B4029C66DE}.Release|Any CPU.ActiveCfg = Release|Any CPU
		{BB434EC3-A580-4744-A635-A2B4029C66DE}.Release|Any CPU.Build.0 = Release|Any CPU
		{AA917C1F-958A-4626-9A72-D41DFE07B816}.Debug|Any CPU.ActiveCfg = Debug|Any CPU
		{AA917C1F-958A-4626-9A72-D41DFE07B816}.Debug|Any CPU.Build.0 = Debug|Any CPU
		{AA917C1F-958A-4626-9A72-D41DFE07B816}.Release|Any CPU.ActiveCfg = Release|Any CPU
		{AA917C1F-958A-4626-9A72-D41DFE07B816}.Release|Any CPU.Build.0 = Release|Any CPU
		{DB155C43-8966-4AB5-AE4F-40489FA33ABA}.Debug|Any CPU.ActiveCfg = Debug|Any CPU
		{DB155C43-8966-4AB5-AE4F-40489FA33ABA}.Debug|Any CPU.Build.0 = Debug|Any CPU
		{DB155C43-8966-4AB5-AE4F-40489FA33ABA}.Release|Any CPU.ActiveCfg = Release|Any CPU
		{DB155C43-8966-4AB5-AE4F-40489FA33ABA}.Release|Any CPU.Build.0 = Release|Any CPU
		{86463672-CB30-41E7-BF90-36AF6CDA6729}.Debug|Any CPU.ActiveCfg = Debug|Any CPU
		{86463672-CB30-41E7-BF90-36AF6CDA6729}.Debug|Any CPU.Build.0 = Debug|Any CPU
		{86463672-CB30-41E7-BF90-36AF6CDA6729}.Release|Any CPU.ActiveCfg = Release|Any CPU
		{86463672-CB30-41E7-BF90-36AF6CDA6729}.Release|Any CPU.Build.0 = Release|Any CPU
		{7A5EAB47-EC25-4581-8276-978EC44D69AD}.Debug|Any CPU.ActiveCfg = Debug|Any CPU
		{7A5EAB47-EC25-4581-8276-978EC44D69AD}.Debug|Any CPU.Build.0 = Debug|Any CPU
		{7A5EAB47-EC25-4581-8276-978EC44D69AD}.Release|Any CPU.ActiveCfg = Release|Any CPU
		{7A5EAB47-EC25-4581-8276-978EC44D69AD}.Release|Any CPU.Build.0 = Release|Any CPU
		{085823EA-DDAE-4DAF-A99D-17F75A03CF23}.Debug|Any CPU.ActiveCfg = Debug|Any CPU
		{085823EA-DDAE-4DAF-A99D-17F75A03CF23}.Debug|Any CPU.Build.0 = Debug|Any CPU
		{085823EA-DDAE-4DAF-A99D-17F75A03CF23}.Release|Any CPU.ActiveCfg = Release|Any CPU
		{085823EA-DDAE-4DAF-A99D-17F75A03CF23}.Release|Any CPU.Build.0 = Release|Any CPU
		{AD9F87CF-0F30-442D-ACCD-80FACC339F22}.Debug|Any CPU.ActiveCfg = Debug|Any CPU
		{AD9F87CF-0F30-442D-ACCD-80FACC339F22}.Debug|Any CPU.Build.0 = Debug|Any CPU
		{AD9F87CF-0F30-442D-ACCD-80FACC339F22}.Release|Any CPU.ActiveCfg = Release|Any CPU
		{AD9F87CF-0F30-442D-ACCD-80FACC339F22}.Release|Any CPU.Build.0 = Release|Any CPU
		{3930FE1D-74C7-49E0-8E0D-05C0FEE194A8}.Debug|Any CPU.ActiveCfg = Debug|Any CPU
		{3930FE1D-74C7-49E0-8E0D-05C0FEE194A8}.Debug|Any CPU.Build.0 = Debug|Any CPU
		{3930FE1D-74C7-49E0-8E0D-05C0FEE194A8}.Release|Any CPU.ActiveCfg = Release|Any CPU
		{3930FE1D-74C7-49E0-8E0D-05C0FEE194A8}.Release|Any CPU.Build.0 = Release|Any CPU
		{12DB8195-F96E-471E-B5FC-73C098CAF8C7}.Debug|Any CPU.ActiveCfg = Debug|Any CPU
		{12DB8195-F96E-471E-B5FC-73C098CAF8C7}.Debug|Any CPU.Build.0 = Debug|Any CPU
		{12DB8195-F96E-471E-B5FC-73C098CAF8C7}.Release|Any CPU.ActiveCfg = Release|Any CPU
		{12DB8195-F96E-471E-B5FC-73C098CAF8C7}.Release|Any CPU.Build.0 = Release|Any CPU
		{9DD80D93-472E-4B9B-B896-24CF36C3C956}.Debug|Any CPU.ActiveCfg = Debug|Any CPU
		{9DD80D93-472E-4B9B-B896-24CF36C3C956}.Debug|Any CPU.Build.0 = Debug|Any CPU
		{9DD80D93-472E-4B9B-B896-24CF36C3C956}.Release|Any CPU.ActiveCfg = Release|Any CPU
		{9DD80D93-472E-4B9B-B896-24CF36C3C956}.Release|Any CPU.Build.0 = Release|Any CPU
		{14111EC7-C62E-4483-8573-7C04986D048F}.Debug|Any CPU.ActiveCfg = Debug|Any CPU
		{14111EC7-C62E-4483-8573-7C04986D048F}.Debug|Any CPU.Build.0 = Debug|Any CPU
		{14111EC7-C62E-4483-8573-7C04986D048F}.Release|Any CPU.ActiveCfg = Release|Any CPU
		{14111EC7-C62E-4483-8573-7C04986D048F}.Release|Any CPU.Build.0 = Release|Any CPU
		{4822272B-D8B3-43DE-A55D-8A04720DE181}.Debug|Any CPU.ActiveCfg = Debug|Any CPU
		{4822272B-D8B3-43DE-A55D-8A04720DE181}.Debug|Any CPU.Build.0 = Debug|Any CPU
		{4822272B-D8B3-43DE-A55D-8A04720DE181}.Release|Any CPU.ActiveCfg = Release|Any CPU
		{4822272B-D8B3-43DE-A55D-8A04720DE181}.Release|Any CPU.Build.0 = Release|Any CPU
		{F38AAF4B-2F51-4E28-A63F-87F35B4CBE2B}.Debug|Any CPU.ActiveCfg = Debug|Any CPU
		{F38AAF4B-2F51-4E28-A63F-87F35B4CBE2B}.Debug|Any CPU.Build.0 = Debug|Any CPU
		{F38AAF4B-2F51-4E28-A63F-87F35B4CBE2B}.Release|Any CPU.ActiveCfg = Release|Any CPU
		{F38AAF4B-2F51-4E28-A63F-87F35B4CBE2B}.Release|Any CPU.Build.0 = Release|Any CPU
		{A7C78084-947E-4955-9473-9F186B760AEC}.Debug|Any CPU.ActiveCfg = Debug|Any CPU
		{A7C78084-947E-4955-9473-9F186B760AEC}.Debug|Any CPU.Build.0 = Debug|Any CPU
		{A7C78084-947E-4955-9473-9F186B760AEC}.Release|Any CPU.ActiveCfg = Release|Any CPU
		{A7C78084-947E-4955-9473-9F186B760AEC}.Release|Any CPU.Build.0 = Release|Any CPU
		{9312CE96-354D-4451-A060-924E652F1D89}.Debug|Any CPU.ActiveCfg = Debug|Any CPU
		{9312CE96-354D-4451-A060-924E652F1D89}.Debug|Any CPU.Build.0 = Debug|Any CPU
		{9312CE96-354D-4451-A060-924E652F1D89}.Release|Any CPU.ActiveCfg = Release|Any CPU
		{9312CE96-354D-4451-A060-924E652F1D89}.Release|Any CPU.Build.0 = Release|Any CPU
		{ACCD054F-5788-4747-959A-551E6E4B477C}.Debug|Any CPU.ActiveCfg = Debug|Any CPU
		{ACCD054F-5788-4747-959A-551E6E4B477C}.Debug|Any CPU.Build.0 = Debug|Any CPU
		{ACCD054F-5788-4747-959A-551E6E4B477C}.Release|Any CPU.ActiveCfg = Release|Any CPU
		{ACCD054F-5788-4747-959A-551E6E4B477C}.Release|Any CPU.Build.0 = Release|Any CPU
		{513239F1-2B18-4E53-8D5D-B0CD223E707B}.Debug|Any CPU.ActiveCfg = Debug|Any CPU
		{513239F1-2B18-4E53-8D5D-B0CD223E707B}.Debug|Any CPU.Build.0 = Debug|Any CPU
		{513239F1-2B18-4E53-8D5D-B0CD223E707B}.Release|Any CPU.ActiveCfg = Release|Any CPU
		{513239F1-2B18-4E53-8D5D-B0CD223E707B}.Release|Any CPU.Build.0 = Release|Any CPU
		{1B8C0C00-F5E4-42B6-A389-B01717AF9460}.Debug|Any CPU.ActiveCfg = Debug|Any CPU
		{1B8C0C00-F5E4-42B6-A389-B01717AF9460}.Debug|Any CPU.Build.0 = Debug|Any CPU
		{1B8C0C00-F5E4-42B6-A389-B01717AF9460}.Release|Any CPU.ActiveCfg = Release|Any CPU
		{1B8C0C00-F5E4-42B6-A389-B01717AF9460}.Release|Any CPU.Build.0 = Release|Any CPU
		{AFD2273D-4124-466B-A9BA-0623347435EA}.Debug|Any CPU.ActiveCfg = Debug|Any CPU
		{AFD2273D-4124-466B-A9BA-0623347435EA}.Debug|Any CPU.Build.0 = Debug|Any CPU
		{AFD2273D-4124-466B-A9BA-0623347435EA}.Release|Any CPU.ActiveCfg = Release|Any CPU
		{AFD2273D-4124-466B-A9BA-0623347435EA}.Release|Any CPU.Build.0 = Release|Any CPU
		{223DFDC9-B1F5-441D-B659-33F9E55E74A5}.Debug|Any CPU.ActiveCfg = Debug|Any CPU
		{223DFDC9-B1F5-441D-B659-33F9E55E74A5}.Debug|Any CPU.Build.0 = Debug|Any CPU
		{223DFDC9-B1F5-441D-B659-33F9E55E74A5}.Release|Any CPU.ActiveCfg = Release|Any CPU
		{223DFDC9-B1F5-441D-B659-33F9E55E74A5}.Release|Any CPU.Build.0 = Release|Any CPU
		{1AC0E6EC-4E65-4B90-936B-7174B870A30F}.Debug|Any CPU.ActiveCfg = Debug|Any CPU
		{1AC0E6EC-4E65-4B90-936B-7174B870A30F}.Debug|Any CPU.Build.0 = Debug|Any CPU
		{1AC0E6EC-4E65-4B90-936B-7174B870A30F}.Release|Any CPU.ActiveCfg = Release|Any CPU
		{1AC0E6EC-4E65-4B90-936B-7174B870A30F}.Release|Any CPU.Build.0 = Release|Any CPU
		{36A4206C-5618-4ECA-A123-67D0C1252086}.Debug|Any CPU.ActiveCfg = Debug|Any CPU
		{36A4206C-5618-4ECA-A123-67D0C1252086}.Debug|Any CPU.Build.0 = Debug|Any CPU
		{36A4206C-5618-4ECA-A123-67D0C1252086}.Release|Any CPU.ActiveCfg = Release|Any CPU
		{36A4206C-5618-4ECA-A123-67D0C1252086}.Release|Any CPU.Build.0 = Release|Any CPU
		{2F464B93-3631-4886-96A0-D3F493536997}.Debug|Any CPU.ActiveCfg = Debug|Any CPU
		{2F464B93-3631-4886-96A0-D3F493536997}.Debug|Any CPU.Build.0 = Debug|Any CPU
		{2F464B93-3631-4886-96A0-D3F493536997}.Release|Any CPU.ActiveCfg = Release|Any CPU
		{2F464B93-3631-4886-96A0-D3F493536997}.Release|Any CPU.Build.0 = Release|Any CPU
	EndGlobalSection
	GlobalSection(SolutionProperties) = preSolution
		HideSolutionNode = FALSE
	EndGlobalSection
	GlobalSection(ExtensibilityGlobals) = postSolution
		VisualSVNWorkingCopyRoot = ..
	EndGlobalSection
	GlobalSection(TextTemplating) = postSolution
		TextTemplating = 1
	EndGlobalSection
EndGlobal
