
Microsoft Visual Studio Solution File, Format Version 9.00
# Visual Studio 2005
Project("{FAE04EC0-301F-11D3-BF4B-00C04F79EFBC}") = "ClearCanvas.Common", "..\..\Common\ClearCanvas.Common.csproj", "{F6EAD428-E6CF-4DF6-B2F3-D33D532C5343}"
EndProject
Project("{FAE04EC0-301F-11D3-BF4B-00C04F79EFBC}") = "ClearCanvas.Controls.WinForms", "..\..\Controls\WinForms\ClearCanvas.Controls.WinForms.csproj", "{CA91515F-D706-4D15-882B-811F3BDC4956}"
EndProject
Project("{FAE04EC0-301F-11D3-BF4B-00C04F79EFBC}") = "ClearCanvas.Desktop", "..\..\Desktop\ClearCanvas.Desktop.csproj", "{26E9A01A-64B5-42C5-8252-FBB30DF9CEC7}"
EndProject
Project("{FAE04EC0-301F-11D3-BF4B-00C04F79EFBC}") = "ClearCanvas.Desktop.Executable", "..\..\Desktop\Executable\ClearCanvas.Desktop.Executable.csproj", "{9CA6A6B8-2E7A-4D2C-AC35-D369F6B15AC8}"
EndProject
Project("{FAE04EC0-301F-11D3-BF4B-00C04F79EFBC}") = "ClearCanvas.Desktop.ExtensionBrowser", "..\..\Desktop\ExtensionBrowser\ClearCanvas.Desktop.ExtensionBrowser.csproj", "{1BC2A9D5-E0F6-4ACC-876B-C219E0EA2561}"
EndProject
Project("{FAE04EC0-301F-11D3-BF4B-00C04F79EFBC}") = "ClearCanvas.Desktop.ExtensionBrowser.View.WinForms", "..\..\Desktop\ExtensionBrowser\View\WinForms\ClearCanvas.Desktop.ExtensionBrowser.View.WinForms.csproj", "{BA5FDA96-AFD6-4546-A294-24D6BC77E808}"
EndProject
Project("{FAE04EC0-301F-11D3-BF4B-00C04F79EFBC}") = "ClearCanvas.Desktop.View.WinForms", "..\..\Desktop\View\WinForms\ClearCanvas.Desktop.View.WinForms.csproj", "{BB434EC3-A580-4744-A635-A2B4029C66DE}"
EndProject
Project("{FAE04EC0-301F-11D3-BF4B-00C04F79EFBC}") = "ClearCanvas.Ris.Client.Admin", "Admin\ClearCanvas.Ris.Client.Admin.csproj", "{7CC7F1B8-2253-4C0D-A369-EC54B6CE7C32}"
EndProject
Project("{FAE04EC0-301F-11D3-BF4B-00C04F79EFBC}") = "ClearCanvas.Ris.Client.Admin.View.WinForms", "Admin\View\WinForms\ClearCanvas.Ris.Client.Admin.View.WinForms.csproj", "{B15108DE-ED83-4385-9E79-01D3DC8B0AE6}"
EndProject
Project("{FAE04EC0-301F-11D3-BF4B-00C04F79EFBC}") = "ClearCanvas.Ris.Client.Adt", "Adt\ClearCanvas.Ris.Client.Adt.csproj", "{BDD8E195-78E8-4FC8-8219-20F884812B01}"
EndProject
Project("{FAE04EC0-301F-11D3-BF4B-00C04F79EFBC}") = "ClearCanvas.Ris.Client.Adt.View.WinForms", "Adt\View\WinForms\ClearCanvas.Ris.Client.Adt.View.WinForms.csproj", "{32F9AC5E-EB3E-42F7-BD51-37D300EA53DA}"
EndProject
Project("{FAE04EC0-301F-11D3-BF4B-00C04F79EFBC}") = "ClearCanvas.Ris.Client.Modality", "Modality\ClearCanvas.Ris.Client.Modality.csproj", "{74BAA130-6C61-4C2E-8F54-3EEA47B37AB6}"
EndProject
Project("{FAE04EC0-301F-11D3-BF4B-00C04F79EFBC}") = "ClearCanvas.Ris.Client.Modality.View.WinForms", "Modality\View\WinForms\ClearCanvas.Ris.Client.Modality.View.WinForms.csproj", "{37AEFD30-85DF-4CA2-9C26-E6DB118750FD}"
EndProject
Project("{FAE04EC0-301F-11D3-BF4B-00C04F79EFBC}") = "ClearCanvas.Ris.Client.Reporting", "Reporting\ClearCanvas.Ris.Client.Reporting.csproj", "{EB579705-2821-45B8-AE5E-EE397BE73ED9}"
EndProject
Project("{FAE04EC0-301F-11D3-BF4B-00C04F79EFBC}") = "ClearCanvas.Ris.Client.Reporting.View.WinForms", "Reporting\View\WinForms\ClearCanvas.Ris.Client.Reporting.View.WinForms.csproj", "{5F4CE71B-C674-415C-BD56-7A955E40F309}"
EndProject
Project("{FAE04EC0-301F-11D3-BF4B-00C04F79EFBC}") = "ClearCanvas.Ris.Client", "ClearCanvas.Ris.Client.csproj", "{F8E75C01-AB14-4DDE-ABEA-3EECC4957A1F}"
EndProject
Project("{FAE04EC0-301F-11D3-BF4B-00C04F79EFBC}") = "ClearCanvas.Ris.Client.View.WinForms", "View\WinForms\ClearCanvas.Ris.Client.View.WinForms.csproj", "{7932D8CA-34CF-47E6-A425-9B8DA4F60341}"
EndProject
Global
	GlobalSection(SolutionConfigurationPlatforms) = preSolution
		Debug|Any CPU = Debug|Any CPU
		Release|Any CPU = Release|Any CPU
	EndGlobalSection
	GlobalSection(ProjectConfigurationPlatforms) = postSolution
		{F6EAD428-E6CF-4DF6-B2F3-D33D532C5343}.Debug|Any CPU.ActiveCfg = Debug|Any CPU
		{F6EAD428-E6CF-4DF6-B2F3-D33D532C5343}.Debug|Any CPU.Build.0 = Debug|Any CPU
		{F6EAD428-E6CF-4DF6-B2F3-D33D532C5343}.Release|Any CPU.ActiveCfg = Release|Any CPU
		{F6EAD428-E6CF-4DF6-B2F3-D33D532C5343}.Release|Any CPU.Build.0 = Release|Any CPU
		{CA91515F-D706-4D15-882B-811F3BDC4956}.Debug|Any CPU.ActiveCfg = Debug|Any CPU
		{CA91515F-D706-4D15-882B-811F3BDC4956}.Debug|Any CPU.Build.0 = Debug|Any CPU
		{CA91515F-D706-4D15-882B-811F3BDC4956}.Release|Any CPU.ActiveCfg = Release|Any CPU
		{CA91515F-D706-4D15-882B-811F3BDC4956}.Release|Any CPU.Build.0 = Release|Any CPU
		{26E9A01A-64B5-42C5-8252-FBB30DF9CEC7}.Debug|Any CPU.ActiveCfg = Debug|Any CPU
		{26E9A01A-64B5-42C5-8252-FBB30DF9CEC7}.Debug|Any CPU.Build.0 = Debug|Any CPU
		{26E9A01A-64B5-42C5-8252-FBB30DF9CEC7}.Release|Any CPU.ActiveCfg = Release|Any CPU
		{26E9A01A-64B5-42C5-8252-FBB30DF9CEC7}.Release|Any CPU.Build.0 = Release|Any CPU
		{9CA6A6B8-2E7A-4D2C-AC35-D369F6B15AC8}.Debug|Any CPU.ActiveCfg = Debug|Any CPU
		{9CA6A6B8-2E7A-4D2C-AC35-D369F6B15AC8}.Debug|Any CPU.Build.0 = Debug|Any CPU
		{9CA6A6B8-2E7A-4D2C-AC35-D369F6B15AC8}.Release|Any CPU.ActiveCfg = Release|Any CPU
		{9CA6A6B8-2E7A-4D2C-AC35-D369F6B15AC8}.Release|Any CPU.Build.0 = Release|Any CPU
		{1BC2A9D5-E0F6-4ACC-876B-C219E0EA2561}.Debug|Any CPU.ActiveCfg = Debug|Any CPU
		{1BC2A9D5-E0F6-4ACC-876B-C219E0EA2561}.Debug|Any CPU.Build.0 = Debug|Any CPU
		{1BC2A9D5-E0F6-4ACC-876B-C219E0EA2561}.Release|Any CPU.ActiveCfg = Release|Any CPU
		{1BC2A9D5-E0F6-4ACC-876B-C219E0EA2561}.Release|Any CPU.Build.0 = Release|Any CPU
		{BA5FDA96-AFD6-4546-A294-24D6BC77E808}.Debug|Any CPU.ActiveCfg = Debug|Any CPU
		{BA5FDA96-AFD6-4546-A294-24D6BC77E808}.Debug|Any CPU.Build.0 = Debug|Any CPU
		{BA5FDA96-AFD6-4546-A294-24D6BC77E808}.Release|Any CPU.ActiveCfg = Release|Any CPU
		{BA5FDA96-AFD6-4546-A294-24D6BC77E808}.Release|Any CPU.Build.0 = Release|Any CPU
		{BB434EC3-A580-4744-A635-A2B4029C66DE}.Debug|Any CPU.ActiveCfg = Debug|Any CPU
		{BB434EC3-A580-4744-A635-A2B4029C66DE}.Debug|Any CPU.Build.0 = Debug|Any CPU
		{BB434EC3-A580-4744-A635-A2B4029C66DE}.Release|Any CPU.ActiveCfg = Release|Any CPU
		{BB434EC3-A580-4744-A635-A2B4029C66DE}.Release|Any CPU.Build.0 = Release|Any CPU
		{7CC7F1B8-2253-4C0D-A369-EC54B6CE7C32}.Debug|Any CPU.ActiveCfg = Debug|Any CPU
		{7CC7F1B8-2253-4C0D-A369-EC54B6CE7C32}.Debug|Any CPU.Build.0 = Debug|Any CPU
		{7CC7F1B8-2253-4C0D-A369-EC54B6CE7C32}.Release|Any CPU.ActiveCfg = Release|Any CPU
		{7CC7F1B8-2253-4C0D-A369-EC54B6CE7C32}.Release|Any CPU.Build.0 = Release|Any CPU
		{B15108DE-ED83-4385-9E79-01D3DC8B0AE6}.Debug|Any CPU.ActiveCfg = Debug|Any CPU
		{B15108DE-ED83-4385-9E79-01D3DC8B0AE6}.Debug|Any CPU.Build.0 = Debug|Any CPU
		{B15108DE-ED83-4385-9E79-01D3DC8B0AE6}.Release|Any CPU.ActiveCfg = Release|Any CPU
		{B15108DE-ED83-4385-9E79-01D3DC8B0AE6}.Release|Any CPU.Build.0 = Release|Any CPU
		{BDD8E195-78E8-4FC8-8219-20F884812B01}.Debug|Any CPU.ActiveCfg = Debug|Any CPU
		{BDD8E195-78E8-4FC8-8219-20F884812B01}.Debug|Any CPU.Build.0 = Debug|Any CPU
		{BDD8E195-78E8-4FC8-8219-20F884812B01}.Release|Any CPU.ActiveCfg = Release|Any CPU
		{BDD8E195-78E8-4FC8-8219-20F884812B01}.Release|Any CPU.Build.0 = Release|Any CPU
		{32F9AC5E-EB3E-42F7-BD51-37D300EA53DA}.Debug|Any CPU.ActiveCfg = Debug|Any CPU
		{32F9AC5E-EB3E-42F7-BD51-37D300EA53DA}.Debug|Any CPU.Build.0 = Debug|Any CPU
		{32F9AC5E-EB3E-42F7-BD51-37D300EA53DA}.Release|Any CPU.ActiveCfg = Release|Any CPU
		{32F9AC5E-EB3E-42F7-BD51-37D300EA53DA}.Release|Any CPU.Build.0 = Release|Any CPU
		{74BAA130-6C61-4C2E-8F54-3EEA47B37AB6}.Debug|Any CPU.ActiveCfg = Debug|Any CPU
		{74BAA130-6C61-4C2E-8F54-3EEA47B37AB6}.Debug|Any CPU.Build.0 = Debug|Any CPU
		{74BAA130-6C61-4C2E-8F54-3EEA47B37AB6}.Release|Any CPU.ActiveCfg = Release|Any CPU
		{74BAA130-6C61-4C2E-8F54-3EEA47B37AB6}.Release|Any CPU.Build.0 = Release|Any CPU
		{37AEFD30-85DF-4CA2-9C26-E6DB118750FD}.Debug|Any CPU.ActiveCfg = Debug|Any CPU
		{37AEFD30-85DF-4CA2-9C26-E6DB118750FD}.Debug|Any CPU.Build.0 = Debug|Any CPU
		{37AEFD30-85DF-4CA2-9C26-E6DB118750FD}.Release|Any CPU.ActiveCfg = Release|Any CPU
		{37AEFD30-85DF-4CA2-9C26-E6DB118750FD}.Release|Any CPU.Build.0 = Release|Any CPU
		{EB579705-2821-45B8-AE5E-EE397BE73ED9}.Debug|Any CPU.ActiveCfg = Debug|Any CPU
		{EB579705-2821-45B8-AE5E-EE397BE73ED9}.Debug|Any CPU.Build.0 = Debug|Any CPU
		{EB579705-2821-45B8-AE5E-EE397BE73ED9}.Release|Any CPU.ActiveCfg = Release|Any CPU
		{EB579705-2821-45B8-AE5E-EE397BE73ED9}.Release|Any CPU.Build.0 = Release|Any CPU
		{5F4CE71B-C674-415C-BD56-7A955E40F309}.Debug|Any CPU.ActiveCfg = Debug|Any CPU
		{5F4CE71B-C674-415C-BD56-7A955E40F309}.Debug|Any CPU.Build.0 = Debug|Any CPU
		{5F4CE71B-C674-415C-BD56-7A955E40F309}.Release|Any CPU.ActiveCfg = Release|Any CPU
		{5F4CE71B-C674-415C-BD56-7A955E40F309}.Release|Any CPU.Build.0 = Release|Any CPU
		{F8E75C01-AB14-4DDE-ABEA-3EECC4957A1F}.Debug|Any CPU.ActiveCfg = Debug|Any CPU
		{F8E75C01-AB14-4DDE-ABEA-3EECC4957A1F}.Debug|Any CPU.Build.0 = Debug|Any CPU
		{F8E75C01-AB14-4DDE-ABEA-3EECC4957A1F}.Release|Any CPU.ActiveCfg = Release|Any CPU
		{F8E75C01-AB14-4DDE-ABEA-3EECC4957A1F}.Release|Any CPU.Build.0 = Release|Any CPU
		{7932D8CA-34CF-47E6-A425-9B8DA4F60341}.Debug|Any CPU.ActiveCfg = Debug|Any CPU
		{7932D8CA-34CF-47E6-A425-9B8DA4F60341}.Debug|Any CPU.Build.0 = Debug|Any CPU
		{7932D8CA-34CF-47E6-A425-9B8DA4F60341}.Release|Any CPU.ActiveCfg = Release|Any CPU
		{7932D8CA-34CF-47E6-A425-9B8DA4F60341}.Release|Any CPU.Build.0 = Release|Any CPU
	EndGlobalSection
	GlobalSection(SolutionProperties) = preSolution
		HideSolutionNode = FALSE
	EndGlobalSection
EndGlobal
