
Microsoft Visual Studio Solution File, Format Version 9.00
# Visual Studio 2005
Project("{FAE04EC0-301F-11D3-BF4B-00C04F79EFBC}") = "ClearCanvas.Common", "..\Common\ClearCanvas.Common.csproj", "{F6EAD428-E6CF-4DF6-B2F3-D33D532C5343}"
EndProject
Project("{FAE04EC0-301F-11D3-BF4B-00C04F79EFBC}") = "ClearCanvas.Enterprise", "..\Enterprise\ClearCanvas.Enterprise.csproj", "{3AC2BCC0-2549-49AF-97D3-4A403556C097}"
EndProject
Project("{FAE04EC0-301F-11D3-BF4B-00C04F79EFBC}") = "ClearCanvas.Enterprise.Hibernate", "..\Enterprise\Hibernate\ClearCanvas.Enterprise.Hibernate.csproj", "{4CED35C2-4659-492D-8F85-F560E469BE11}"
EndProject
Project("{FAE04EC0-301F-11D3-BF4B-00C04F79EFBC}") = "ClearCanvas.Enterprise.Hibernate.DdlWriter", "..\Enterprise\Hibernate\DdlWriter\ClearCanvas.Enterprise.Hibernate.DdlWriter.csproj", "{298A5358-EF8F-4D27-A935-5E0E2BEF754F}"
EndProject
Project("{FAE04EC0-301F-11D3-BF4B-00C04F79EFBC}") = "ClearCanvas.Healthcare", "..\Healthcare\ClearCanvas.Healthcare.csproj", "{748C08F1-FD6E-49F6-90BB-90C3A323C714}"
EndProject
Project("{FAE04EC0-301F-11D3-BF4B-00C04F79EFBC}") = "ClearCanvas.Healthcare.Hibernate", "..\Healthcare\Hibernate\ClearCanvas.Healthcare.Hibernate.csproj", "{FFBEB9C1-2E09-4A9E-A863-B104CFDC55F1}"
EndProject
Project("{FAE04EC0-301F-11D3-BF4B-00C04F79EFBC}") = "ClearCanvas.Desktop", "..\Desktop\ClearCanvas.Desktop.csproj", "{26E9A01A-64B5-42C5-8252-FBB30DF9CEC7}"
EndProject
Project("{FAE04EC0-301F-11D3-BF4B-00C04F79EFBC}") = "ClearCanvas.Desktop.View.WinForms", "..\Desktop\View\WinForms\ClearCanvas.Desktop.View.WinForms.csproj", "{BB434EC3-A580-4744-A635-A2B4029C66DE}"
EndProject
Project("{FAE04EC0-301F-11D3-BF4B-00C04F79EFBC}") = "ClearCanvas.Desktop.Executable", "..\Desktop\Executable\ClearCanvas.Desktop.Executable.csproj", "{9CA6A6B8-2E7A-4D2C-AC35-D369F6B15AC8}"
	ProjectSection(ProjectDependencies) = postProject
		{F8E75C01-AB14-4DDE-ABEA-3EECC4957A1F} = {F8E75C01-AB14-4DDE-ABEA-3EECC4957A1F}
		{26E9A01A-64B5-42C5-8252-FBB30DF9CEC7} = {26E9A01A-64B5-42C5-8252-FBB30DF9CEC7}
		{691D6421-4069-40EA-ADA4-07A82D86D0A3} = {691D6421-4069-40EA-ADA4-07A82D86D0A3}
		{576C4A35-B314-49D0-BF53-4BD43D8D1F31} = {576C4A35-B314-49D0-BF53-4BD43D8D1F31}
		{298A5358-EF8F-4D27-A935-5E0E2BEF754F} = {298A5358-EF8F-4D27-A935-5E0E2BEF754F}
		{32F9AC5E-EB3E-42F7-BD51-37D300EA53DA} = {32F9AC5E-EB3E-42F7-BD51-37D300EA53DA}
		{11548867-F0DC-4142-82E8-59EBC36B8980} = {11548867-F0DC-4142-82E8-59EBC36B8980}
		{E9E53B95-F35E-4D2E-93F4-E3B66E0CC74B} = {E9E53B95-F35E-4D2E-93F4-E3B66E0CC74B}
		{BDD8E195-78E8-4FC8-8219-20F884812B01} = {BDD8E195-78E8-4FC8-8219-20F884812B01}
		{BDD8E195-78E8-4FC8-8219-20F884812B01} = {BDD8E195-78E8-4FC8-8219-20F884812B01}
		{BA5FDA96-AFD6-4546-A294-24D6BC77E808} = {BA5FDA96-AFD6-4546-A294-24D6BC77E808}
		{BA5FDA96-AFD6-4546-A294-24D6BC77E808} = {BA5FDA96-AFD6-4546-A294-24D6BC77E808}
		{7CC7F1B8-2253-4C0D-A369-EC54B6CE7C32} = {7CC7F1B8-2253-4C0D-A369-EC54B6CE7C32}
		{3AC2BCC0-2549-49AF-97D3-4A403556C097} = {3AC2BCC0-2549-49AF-97D3-4A403556C097}
		{3AC2BCC0-2549-49AF-97D3-4A403556C097} = {3AC2BCC0-2549-49AF-97D3-4A403556C097}
		{401164C1-D492-4E0F-88B8-2A86BD2D6B0E} = {401164C1-D492-4E0F-88B8-2A86BD2D6B0E}
		{FFBEB9C1-2E09-4A9E-A863-B104CFDC55F1} = {FFBEB9C1-2E09-4A9E-A863-B104CFDC55F1}
		{FFBEB9C1-2E09-4A9E-A863-B104CFDC55F1} = {FFBEB9C1-2E09-4A9E-A863-B104CFDC55F1}
		{4CED35C2-4659-492D-8F85-F560E469BE11} = {4CED35C2-4659-492D-8F85-F560E469BE11}
		{4CED35C2-4659-492D-8F85-F560E469BE11} = {4CED35C2-4659-492D-8F85-F560E469BE11}
		{BB434EC3-A580-4744-A635-A2B4029C66DE} = {BB434EC3-A580-4744-A635-A2B4029C66DE}
		{BB434EC3-A580-4744-A635-A2B4029C66DE} = {BB434EC3-A580-4744-A635-A2B4029C66DE}
		{7932D8CA-34CF-47E6-A425-9B8DA4F60341} = {7932D8CA-34CF-47E6-A425-9B8DA4F60341}
		{1BC2A9D5-E0F6-4ACC-876B-C219E0EA2561} = {1BC2A9D5-E0F6-4ACC-876B-C219E0EA2561}
		{1BC2A9D5-E0F6-4ACC-876B-C219E0EA2561} = {1BC2A9D5-E0F6-4ACC-876B-C219E0EA2561}
		{B15108DE-ED83-4385-9E79-01D3DC8B0AE6} = {B15108DE-ED83-4385-9E79-01D3DC8B0AE6}
		{B44450E0-F3D6-46E1-B9A3-8CEE20565FBA} = {B44450E0-F3D6-46E1-B9A3-8CEE20565FBA}
		{8B6F26E3-F067-414E-BEAA-F27481E0EFE0} = {8B6F26E3-F067-414E-BEAA-F27481E0EFE0}
		{748C08F1-FD6E-49F6-90BB-90C3A323C714} = {748C08F1-FD6E-49F6-90BB-90C3A323C714}
	EndProjectSection
EndProject
Project("{FAE04EC0-301F-11D3-BF4B-00C04F79EFBC}") = "ClearCanvas.Desktop.ExtensionBrowser", "..\Desktop\ExtensionBrowser\ClearCanvas.Desktop.ExtensionBrowser.csproj", "{1BC2A9D5-E0F6-4ACC-876B-C219E0EA2561}"
EndProject
Project("{FAE04EC0-301F-11D3-BF4B-00C04F79EFBC}") = "ClearCanvas.Desktop.ExtensionBrowser.View.WinForms", "..\Desktop\ExtensionBrowser\View\WinForms\ClearCanvas.Desktop.ExtensionBrowser.View.WinForms.csproj", "{BA5FDA96-AFD6-4546-A294-24D6BC77E808}"
EndProject
Project("{FAE04EC0-301F-11D3-BF4B-00C04F79EFBC}") = "ClearCanvas.Controls.WinForms", "..\Controls\WinForms\ClearCanvas.Controls.WinForms.csproj", "{CA91515F-D706-4D15-882B-811F3BDC4956}"
EndProject
Project("{FAE04EC0-301F-11D3-BF4B-00C04F79EFBC}") = "ClearCanvas.Ris.Services", "Services\ClearCanvas.Ris.Services.csproj", "{11548867-F0DC-4142-82E8-59EBC36B8980}"
EndProject
Project("{FAE04EC0-301F-11D3-BF4B-00C04F79EFBC}") = "ClearCanvas.Ris.Client.Adt", "Client\Adt\ClearCanvas.Ris.Client.Adt.csproj", "{BDD8E195-78E8-4FC8-8219-20F884812B01}"
EndProject
Project("{FAE04EC0-301F-11D3-BF4B-00C04F79EFBC}") = "ClearCanvas.Ris.Client.Adt.View.WinForms", "Client\Adt\View\WinForms\ClearCanvas.Ris.Client.Adt.View.WinForms.csproj", "{32F9AC5E-EB3E-42F7-BD51-37D300EA53DA}"
EndProject
Project("{FAE04EC0-301F-11D3-BF4B-00C04F79EFBC}") = "ClearCanvas.HL7", "..\HL7\ClearCanvas.HL7.csproj", "{401164C1-D492-4E0F-88B8-2A86BD2D6B0E}"
EndProject
Project("{FAE04EC0-301F-11D3-BF4B-00C04F79EFBC}") = "ClearCanvas.HL7.Hibernate", "..\HL7\Hibernate\ClearCanvas.HL7.Hibernate.csproj", "{E9E53B95-F35E-4D2E-93F4-E3B66E0CC74B}"
EndProject
Project("{FAE04EC0-301F-11D3-BF4B-00C04F79EFBC}") = "ClearCanvas.HL7.Hapi", "..\HL7\NHapi\ClearCanvas.HL7.Hapi.csproj", "{B44450E0-F3D6-46E1-B9A3-8CEE20565FBA}"
EndProject
Project("{FAE04EC0-301F-11D3-BF4B-00C04F79EFBC}") = "ClearCanvas.HL7.InboundProcessor", "..\HL7\InboundProcessor\ClearCanvas.HL7.InboundProcessor.csproj", "{691D6421-4069-40EA-ADA4-07A82D86D0A3}"
EndProject
Project("{FAE04EC0-301F-11D3-BF4B-00C04F79EFBC}") = "ClearCanvas.Ris.Client.Common", "Client\Common\ClearCanvas.Ris.Client.Common.csproj", "{F8E75C01-AB14-4DDE-ABEA-3EECC4957A1F}"
EndProject
Project("{FAE04EC0-301F-11D3-BF4B-00C04F79EFBC}") = "ClearCanvas.Ris.Client.Common.View.WinForms", "Client\Common\View\WinForms\ClearCanvas.Ris.Client.Common.View.WinForms.csproj", "{7932D8CA-34CF-47E6-A425-9B8DA4F60341}"
EndProject
Project("{FAE04EC0-301F-11D3-BF4B-00C04F79EFBC}") = "ClearCanvas.Ris.Client.Admin", "Client\Admin\ClearCanvas.Ris.Client.Admin.csproj", "{7CC7F1B8-2253-4C0D-A369-EC54B6CE7C32}"
EndProject
Project("{FAE04EC0-301F-11D3-BF4B-00C04F79EFBC}") = "ClearCanvas.Ris.Client.Admin.View.WinForms", "Client\Admin\View\WinForms\ClearCanvas.Ris.Client.Admin.View.WinForms.csproj", "{B15108DE-ED83-4385-9E79-01D3DC8B0AE6}"
EndProject
Project("{FAE04EC0-301F-11D3-BF4B-00C04F79EFBC}") = "ClearCanvas.Workflow", "..\Workflow\ClearCanvas.Workflow.csproj", "{576C4A35-B314-49D0-BF53-4BD43D8D1F31}"
EndProject
Project("{FAE04EC0-301F-11D3-BF4B-00C04F79EFBC}") = "ClearCanvas.Workflow.Hibernate", "..\Workflow\Hibernate\ClearCanvas.Workflow.Hibernate.csproj", "{8B6F26E3-F067-414E-BEAA-F27481E0EFE0}"
EndProject
Project("{FAE04EC0-301F-11D3-BF4B-00C04F79EFBC}") = "ClearCanvas.Enterprise.Configuration", "..\Enterprise\Configuration\ClearCanvas.Enterprise.Configuration.csproj", "{487A1D60-7FD7-4EBB-8EF2-2E0FA49652FD}"
EndProject
Project("{FAE04EC0-301F-11D3-BF4B-00C04F79EFBC}") = "ClearCanvas.Enterprise.Configuration.Hibernate", "..\Enterprise\Configuration\Hibernate\ClearCanvas.Enterprise.Configuration.Hibernate.csproj", "{32C097AB-931A-44B0-9ED2-B6F343C3F588}"
EndProject
Global
	GlobalSection(SolutionConfigurationPlatforms) = preSolution
		Debug|Any CPU = Debug|Any CPU
		Release|Any CPU = Release|Any CPU
	EndGlobalSection
	GlobalSection(ProjectConfigurationPlatforms) = postSolution
		{F6EAD428-E6CF-4DF6-B2F3-D33D532C5343}.Debug|Any CPU.ActiveCfg = Debug|Any CPU
		{F6EAD428-E6CF-4DF6-B2F3-D33D532C5343}.Debug|Any CPU.Build.0 = Debug|Any CPU
		{F6EAD428-E6CF-4DF6-B2F3-D33D532C5343}.Release|Any CPU.ActiveCfg = Release|Any CPU
		{F6EAD428-E6CF-4DF6-B2F3-D33D532C5343}.Release|Any CPU.Build.0 = Release|Any CPU
		{3AC2BCC0-2549-49AF-97D3-4A403556C097}.Debug|Any CPU.ActiveCfg = Debug|Any CPU
		{3AC2BCC0-2549-49AF-97D3-4A403556C097}.Debug|Any CPU.Build.0 = Debug|Any CPU
		{3AC2BCC0-2549-49AF-97D3-4A403556C097}.Release|Any CPU.ActiveCfg = Release|Any CPU
		{3AC2BCC0-2549-49AF-97D3-4A403556C097}.Release|Any CPU.Build.0 = Release|Any CPU
		{4CED35C2-4659-492D-8F85-F560E469BE11}.Debug|Any CPU.ActiveCfg = Debug|Any CPU
		{4CED35C2-4659-492D-8F85-F560E469BE11}.Debug|Any CPU.Build.0 = Debug|Any CPU
		{4CED35C2-4659-492D-8F85-F560E469BE11}.Release|Any CPU.ActiveCfg = Release|Any CPU
		{4CED35C2-4659-492D-8F85-F560E469BE11}.Release|Any CPU.Build.0 = Release|Any CPU
		{298A5358-EF8F-4D27-A935-5E0E2BEF754F}.Debug|Any CPU.ActiveCfg = Debug|Any CPU
		{298A5358-EF8F-4D27-A935-5E0E2BEF754F}.Debug|Any CPU.Build.0 = Debug|Any CPU
		{298A5358-EF8F-4D27-A935-5E0E2BEF754F}.Release|Any CPU.ActiveCfg = Release|Any CPU
		{298A5358-EF8F-4D27-A935-5E0E2BEF754F}.Release|Any CPU.Build.0 = Release|Any CPU
		{748C08F1-FD6E-49F6-90BB-90C3A323C714}.Debug|Any CPU.ActiveCfg = Debug|Any CPU
		{748C08F1-FD6E-49F6-90BB-90C3A323C714}.Debug|Any CPU.Build.0 = Debug|Any CPU
		{748C08F1-FD6E-49F6-90BB-90C3A323C714}.Release|Any CPU.ActiveCfg = Release|Any CPU
		{748C08F1-FD6E-49F6-90BB-90C3A323C714}.Release|Any CPU.Build.0 = Release|Any CPU
		{FFBEB9C1-2E09-4A9E-A863-B104CFDC55F1}.Debug|Any CPU.ActiveCfg = Debug|Any CPU
		{FFBEB9C1-2E09-4A9E-A863-B104CFDC55F1}.Debug|Any CPU.Build.0 = Debug|Any CPU
		{FFBEB9C1-2E09-4A9E-A863-B104CFDC55F1}.Release|Any CPU.ActiveCfg = Release|Any CPU
		{FFBEB9C1-2E09-4A9E-A863-B104CFDC55F1}.Release|Any CPU.Build.0 = Release|Any CPU
		{26E9A01A-64B5-42C5-8252-FBB30DF9CEC7}.Debug|Any CPU.ActiveCfg = Debug|Any CPU
		{26E9A01A-64B5-42C5-8252-FBB30DF9CEC7}.Debug|Any CPU.Build.0 = Debug|Any CPU
		{26E9A01A-64B5-42C5-8252-FBB30DF9CEC7}.Release|Any CPU.ActiveCfg = Release|Any CPU
		{26E9A01A-64B5-42C5-8252-FBB30DF9CEC7}.Release|Any CPU.Build.0 = Release|Any CPU
		{BB434EC3-A580-4744-A635-A2B4029C66DE}.Debug|Any CPU.ActiveCfg = Debug|Any CPU
		{BB434EC3-A580-4744-A635-A2B4029C66DE}.Debug|Any CPU.Build.0 = Debug|Any CPU
		{BB434EC3-A580-4744-A635-A2B4029C66DE}.Release|Any CPU.ActiveCfg = Release|Any CPU
		{BB434EC3-A580-4744-A635-A2B4029C66DE}.Release|Any CPU.Build.0 = Release|Any CPU
		{9CA6A6B8-2E7A-4D2C-AC35-D369F6B15AC8}.Debug|Any CPU.ActiveCfg = Debug|Any CPU
		{9CA6A6B8-2E7A-4D2C-AC35-D369F6B15AC8}.Debug|Any CPU.Build.0 = Debug|Any CPU
		{9CA6A6B8-2E7A-4D2C-AC35-D369F6B15AC8}.Release|Any CPU.ActiveCfg = Release|Any CPU
		{9CA6A6B8-2E7A-4D2C-AC35-D369F6B15AC8}.Release|Any CPU.Build.0 = Release|Any CPU
		{1BC2A9D5-E0F6-4ACC-876B-C219E0EA2561}.Debug|Any CPU.ActiveCfg = Debug|Any CPU
		{1BC2A9D5-E0F6-4ACC-876B-C219E0EA2561}.Debug|Any CPU.Build.0 = Debug|Any CPU
		{1BC2A9D5-E0F6-4ACC-876B-C219E0EA2561}.Release|Any CPU.ActiveCfg = Release|Any CPU
		{1BC2A9D5-E0F6-4ACC-876B-C219E0EA2561}.Release|Any CPU.Build.0 = Release|Any CPU
		{BA5FDA96-AFD6-4546-A294-24D6BC77E808}.Debug|Any CPU.ActiveCfg = Debug|Any CPU
		{BA5FDA96-AFD6-4546-A294-24D6BC77E808}.Debug|Any CPU.Build.0 = Debug|Any CPU
		{BA5FDA96-AFD6-4546-A294-24D6BC77E808}.Release|Any CPU.ActiveCfg = Release|Any CPU
		{BA5FDA96-AFD6-4546-A294-24D6BC77E808}.Release|Any CPU.Build.0 = Release|Any CPU
		{CA91515F-D706-4D15-882B-811F3BDC4956}.Debug|Any CPU.ActiveCfg = Debug|Any CPU
		{CA91515F-D706-4D15-882B-811F3BDC4956}.Debug|Any CPU.Build.0 = Debug|Any CPU
		{CA91515F-D706-4D15-882B-811F3BDC4956}.Release|Any CPU.ActiveCfg = Release|Any CPU
		{CA91515F-D706-4D15-882B-811F3BDC4956}.Release|Any CPU.Build.0 = Release|Any CPU
		{11548867-F0DC-4142-82E8-59EBC36B8980}.Debug|Any CPU.ActiveCfg = Debug|Any CPU
		{11548867-F0DC-4142-82E8-59EBC36B8980}.Debug|Any CPU.Build.0 = Debug|Any CPU
		{11548867-F0DC-4142-82E8-59EBC36B8980}.Release|Any CPU.ActiveCfg = Release|Any CPU
		{11548867-F0DC-4142-82E8-59EBC36B8980}.Release|Any CPU.Build.0 = Release|Any CPU
		{BDD8E195-78E8-4FC8-8219-20F884812B01}.Debug|Any CPU.ActiveCfg = Debug|Any CPU
		{BDD8E195-78E8-4FC8-8219-20F884812B01}.Debug|Any CPU.Build.0 = Debug|Any CPU
		{BDD8E195-78E8-4FC8-8219-20F884812B01}.Release|Any CPU.ActiveCfg = Release|Any CPU
		{BDD8E195-78E8-4FC8-8219-20F884812B01}.Release|Any CPU.Build.0 = Release|Any CPU
		{32F9AC5E-EB3E-42F7-BD51-37D300EA53DA}.Debug|Any CPU.ActiveCfg = Debug|Any CPU
		{32F9AC5E-EB3E-42F7-BD51-37D300EA53DA}.Debug|Any CPU.Build.0 = Debug|Any CPU
		{32F9AC5E-EB3E-42F7-BD51-37D300EA53DA}.Release|Any CPU.ActiveCfg = Release|Any CPU
		{32F9AC5E-EB3E-42F7-BD51-37D300EA53DA}.Release|Any CPU.Build.0 = Release|Any CPU
		{401164C1-D492-4E0F-88B8-2A86BD2D6B0E}.Debug|Any CPU.ActiveCfg = Debug|Any CPU
		{401164C1-D492-4E0F-88B8-2A86BD2D6B0E}.Debug|Any CPU.Build.0 = Debug|Any CPU
		{401164C1-D492-4E0F-88B8-2A86BD2D6B0E}.Release|Any CPU.ActiveCfg = Release|Any CPU
		{401164C1-D492-4E0F-88B8-2A86BD2D6B0E}.Release|Any CPU.Build.0 = Release|Any CPU
		{E9E53B95-F35E-4D2E-93F4-E3B66E0CC74B}.Debug|Any CPU.ActiveCfg = Debug|Any CPU
		{E9E53B95-F35E-4D2E-93F4-E3B66E0CC74B}.Debug|Any CPU.Build.0 = Debug|Any CPU
		{E9E53B95-F35E-4D2E-93F4-E3B66E0CC74B}.Release|Any CPU.ActiveCfg = Release|Any CPU
		{E9E53B95-F35E-4D2E-93F4-E3B66E0CC74B}.Release|Any CPU.Build.0 = Release|Any CPU
		{B44450E0-F3D6-46E1-B9A3-8CEE20565FBA}.Debug|Any CPU.ActiveCfg = Debug|Any CPU
		{B44450E0-F3D6-46E1-B9A3-8CEE20565FBA}.Debug|Any CPU.Build.0 = Debug|Any CPU
		{B44450E0-F3D6-46E1-B9A3-8CEE20565FBA}.Release|Any CPU.ActiveCfg = Release|Any CPU
		{B44450E0-F3D6-46E1-B9A3-8CEE20565FBA}.Release|Any CPU.Build.0 = Release|Any CPU
		{691D6421-4069-40EA-ADA4-07A82D86D0A3}.Debug|Any CPU.ActiveCfg = Debug|Any CPU
		{691D6421-4069-40EA-ADA4-07A82D86D0A3}.Debug|Any CPU.Build.0 = Debug|Any CPU
		{691D6421-4069-40EA-ADA4-07A82D86D0A3}.Release|Any CPU.ActiveCfg = Release|Any CPU
		{691D6421-4069-40EA-ADA4-07A82D86D0A3}.Release|Any CPU.Build.0 = Release|Any CPU
		{F8E75C01-AB14-4DDE-ABEA-3EECC4957A1F}.Debug|Any CPU.ActiveCfg = Debug|Any CPU
		{F8E75C01-AB14-4DDE-ABEA-3EECC4957A1F}.Debug|Any CPU.Build.0 = Debug|Any CPU
		{F8E75C01-AB14-4DDE-ABEA-3EECC4957A1F}.Release|Any CPU.ActiveCfg = Release|Any CPU
		{F8E75C01-AB14-4DDE-ABEA-3EECC4957A1F}.Release|Any CPU.Build.0 = Release|Any CPU
		{7932D8CA-34CF-47E6-A425-9B8DA4F60341}.Debug|Any CPU.ActiveCfg = Debug|Any CPU
		{7932D8CA-34CF-47E6-A425-9B8DA4F60341}.Debug|Any CPU.Build.0 = Debug|Any CPU
		{7932D8CA-34CF-47E6-A425-9B8DA4F60341}.Release|Any CPU.ActiveCfg = Release|Any CPU
		{7932D8CA-34CF-47E6-A425-9B8DA4F60341}.Release|Any CPU.Build.0 = Release|Any CPU
		{7CC7F1B8-2253-4C0D-A369-EC54B6CE7C32}.Debug|Any CPU.ActiveCfg = Debug|Any CPU
		{7CC7F1B8-2253-4C0D-A369-EC54B6CE7C32}.Debug|Any CPU.Build.0 = Debug|Any CPU
		{7CC7F1B8-2253-4C0D-A369-EC54B6CE7C32}.Release|Any CPU.ActiveCfg = Release|Any CPU
		{7CC7F1B8-2253-4C0D-A369-EC54B6CE7C32}.Release|Any CPU.Build.0 = Release|Any CPU
		{B15108DE-ED83-4385-9E79-01D3DC8B0AE6}.Debug|Any CPU.ActiveCfg = Debug|Any CPU
		{B15108DE-ED83-4385-9E79-01D3DC8B0AE6}.Debug|Any CPU.Build.0 = Debug|Any CPU
		{B15108DE-ED83-4385-9E79-01D3DC8B0AE6}.Release|Any CPU.ActiveCfg = Release|Any CPU
		{B15108DE-ED83-4385-9E79-01D3DC8B0AE6}.Release|Any CPU.Build.0 = Release|Any CPU
		{576C4A35-B314-49D0-BF53-4BD43D8D1F31}.Debug|Any CPU.ActiveCfg = Debug|Any CPU
		{576C4A35-B314-49D0-BF53-4BD43D8D1F31}.Debug|Any CPU.Build.0 = Debug|Any CPU
		{576C4A35-B314-49D0-BF53-4BD43D8D1F31}.Release|Any CPU.ActiveCfg = Release|Any CPU
		{576C4A35-B314-49D0-BF53-4BD43D8D1F31}.Release|Any CPU.Build.0 = Release|Any CPU
		{8B6F26E3-F067-414E-BEAA-F27481E0EFE0}.Debug|Any CPU.ActiveCfg = Debug|Any CPU
		{8B6F26E3-F067-414E-BEAA-F27481E0EFE0}.Debug|Any CPU.Build.0 = Debug|Any CPU
		{8B6F26E3-F067-414E-BEAA-F27481E0EFE0}.Release|Any CPU.ActiveCfg = Release|Any CPU
		{8B6F26E3-F067-414E-BEAA-F27481E0EFE0}.Release|Any CPU.Build.0 = Release|Any CPU
		{487A1D60-7FD7-4EBB-8EF2-2E0FA49652FD}.Debug|Any CPU.ActiveCfg = Debug|Any CPU
		{487A1D60-7FD7-4EBB-8EF2-2E0FA49652FD}.Debug|Any CPU.Build.0 = Debug|Any CPU
		{487A1D60-7FD7-4EBB-8EF2-2E0FA49652FD}.Release|Any CPU.ActiveCfg = Release|Any CPU
		{487A1D60-7FD7-4EBB-8EF2-2E0FA49652FD}.Release|Any CPU.Build.0 = Release|Any CPU
		{32C097AB-931A-44B0-9ED2-B6F343C3F588}.Debug|Any CPU.ActiveCfg = Debug|Any CPU
		{32C097AB-931A-44B0-9ED2-B6F343C3F588}.Debug|Any CPU.Build.0 = Debug|Any CPU
		{32C097AB-931A-44B0-9ED2-B6F343C3F588}.Release|Any CPU.ActiveCfg = Release|Any CPU
		{32C097AB-931A-44B0-9ED2-B6F343C3F588}.Release|Any CPU.Build.0 = Release|Any CPU
	EndGlobalSection
	GlobalSection(SolutionProperties) = preSolution
		HideSolutionNode = FALSE
	EndGlobalSection
	GlobalSection(TextTemplating) = postSolution
		TextTemplating = 1
	EndGlobalSection
EndGlobal
