
Microsoft Visual Studio Solution File, Format Version 9.00
# Visual Studio 2005
Project("{FAE04EC0-301F-11D3-BF4B-00C04F79EFBC}") = "SampleShred2", "SampleShred2.csproj", "{84E99D28-8C46-49C7-BBD9-41037EFCCBE2}"
EndProject
Global
	GlobalSection(SolutionConfigurationPlatforms) = preSolution
		Debug|Any CPU = Debug|Any CPU
		Release|Any CPU = Release|Any CPU
	EndGlobalSection
	GlobalSection(ProjectConfigurationPlatforms) = postSolution
		{84E99D28-8C46-49C7-BBD9-41037EFCCBE2}.Debug|Any CPU.ActiveCfg = Debug|Any CPU
		{84E99D28-8C46-49C7-BBD9-41037EFCCBE2}.Debug|Any CPU.Build.0 = Debug|Any CPU
		{84E99D28-8C46-49C7-BBD9-41037EFCCBE2}.Release|Any CPU.ActiveCfg = Release|Any CPU
		{84E99D28-8C46-49C7-BBD9-41037EFCCBE2}.Release|Any CPU.Build.0 = Release|Any CPU
	EndGlobalSection
	GlobalSection(SolutionProperties) = preSolution
		HideSolutionNode = FALSE
	EndGlobalSection
EndGlobal
