Microsoft Visual Studio Solution File, Format Version 8.00
Project("{8BC9CEB8-8B4A-11D0-8D11-00A0C91BC942}") = "ClearCanvas.Dcmtk", "ClearCanvas.Dcmtk\ClearCanvas.Dcmtk.vcproj", "{56C98CA0-5807-49B1-A6DB-5112F1BC878E}"
	ProjectSection(ProjectDependencies) = postProject
	EndProjectSection
EndProject
Project("{FAE04EC0-301F-11D3-BF4B-00C04F79EFBC}") = "ClearCanvas.Common.Dicom", "ClearCanvas.Common.DICOM\ClearCanvas.Common.Dicom.csproj", "{AD9ECE2B-8268-4115-8DC8-860FBD011FFF}"
	ProjectSection(ProjectDependencies) = postProject
		{56C98CA0-5807-49B1-A6DB-5112F1BC878E} = {56C98CA0-5807-49B1-A6DB-5112F1BC878E}
	EndProjectSection
EndProject
Global
	GlobalSection(SolutionConfiguration) = preSolution
		Debug = Debug
		Release = Release
	EndGlobalSection
	GlobalSection(ProjectConfiguration) = postSolution
		{56C98CA0-5807-49B1-A6DB-5112F1BC878E}.Debug.ActiveCfg = Debug|Win32
		{56C98CA0-5807-49B1-A6DB-5112F1BC878E}.Debug.Build.0 = Debug|Win32
		{56C98CA0-5807-49B1-A6DB-5112F1BC878E}.Release.ActiveCfg = Release|Win32
		{56C98CA0-5807-49B1-A6DB-5112F1BC878E}.Release.Build.0 = Release|Win32
		{AD9ECE2B-8268-4115-8DC8-860FBD011FFF}.Debug.ActiveCfg = Debug|.NET
		{AD9ECE2B-8268-4115-8DC8-860FBD011FFF}.Debug.Build.0 = Debug|.NET
		{AD9ECE2B-8268-4115-8DC8-860FBD011FFF}.Release.ActiveCfg = Release|.NET
		{AD9ECE2B-8268-4115-8DC8-860FBD011FFF}.Release.Build.0 = Release|.NET
	EndGlobalSection
	GlobalSection(ExtensibilityGlobals) = postSolution
	EndGlobalSection
	GlobalSection(ExtensibilityAddIns) = postSolution
	EndGlobalSection
EndGlobal
