
Microsoft Visual Studio Solution File, Format Version 9.00
# Visual Studio 2005
Project("{FAE04EC0-301F-11D3-BF4B-00C04F79EFBC}") = "SampleShred1", "SampleShred1.csproj", "{AC4C001C-4CC6-4F00-A02A-C7D8A3160C34}"
EndProject
Global
	GlobalSection(SolutionConfigurationPlatforms) = preSolution
		Debug|Any CPU = Debug|Any CPU
		Release|Any CPU = Release|Any CPU
	EndGlobalSection
	GlobalSection(ProjectConfigurationPlatforms) = postSolution
		{AC4C001C-4CC6-4F00-A02A-C7D8A3160C34}.Debug|Any CPU.ActiveCfg = Debug|Any CPU
		{AC4C001C-4CC6-4F00-A02A-C7D8A3160C34}.Debug|Any CPU.Build.0 = Debug|Any CPU
		{AC4C001C-4CC6-4F00-A02A-C7D8A3160C34}.Release|Any CPU.ActiveCfg = Release|Any CPU
		{AC4C001C-4CC6-4F00-A02A-C7D8A3160C34}.Release|Any CPU.Build.0 = Release|Any CPU
	EndGlobalSection
	GlobalSection(SolutionProperties) = preSolution
		HideSolutionNode = FALSE
	EndGlobalSection
EndGlobal
