
Microsoft Visual Studio Solution File, Format Version 9.00
# Visual Studio 2005
Project("{FAE04EC0-301F-11D3-BF4B-00C04F79EFBC}") = "ClearCanvas.ImageViewer.Shreds", "..\..\ImageViewer\Shreds\ClearCanvas.ImageViewer.Shreds.csproj", "{E991CF00-A0E1-490C-A0D1-2BD77FAECF06}"
	ProjectSection(WebsiteProperties) = preProject
		Debug.AspNetCompiler.Debug = "True"
		Release.AspNetCompiler.Debug = "False"
	EndProjectSection
EndProject
Project("{FAE04EC0-301F-11D3-BF4B-00C04F79EFBC}") = "ClearCanvas.Common", "..\..\Common\ClearCanvas.Common.csproj", "{F6EAD428-E6CF-4DF6-B2F3-D33D532C5343}"
	ProjectSection(WebsiteProperties) = preProject
		Debug.AspNetCompiler.Debug = "True"
		Release.AspNetCompiler.Debug = "False"
	EndProjectSection
EndProject
Project("{FAE04EC0-301F-11D3-BF4B-00C04F79EFBC}") = "ClearCanvas.Dicom.DataStore", "..\..\Dicom\DataStore\ClearCanvas.Dicom.DataStore.csproj", "{3930FE1D-74C7-49E0-8E0D-05C0FEE194A8}"
	ProjectSection(WebsiteProperties) = preProject
		Debug.AspNetCompiler.Debug = "True"
		Release.AspNetCompiler.Debug = "False"
	EndProjectSection
EndProject
Project("{FAE04EC0-301F-11D3-BF4B-00C04F79EFBC}") = "ClearCanvas.Dicom", "..\..\Dicom\ClearCanvas.Dicom.csproj", "{AD9ECE2B-8268-4115-8DC8-860FBD011FFF}"
	ProjectSection(WebsiteProperties) = preProject
		Debug.AspNetCompiler.Debug = "True"
		Release.AspNetCompiler.Debug = "False"
	EndProjectSection
EndProject
Project("{FAE04EC0-301F-11D3-BF4B-00C04F79EFBC}") = "ClearCanvas.ImageViewer.Services", "..\..\ImageViewer\Services\ClearCanvas.ImageViewer.Services.csproj", "{2F464B93-3631-4886-96A0-D3F493536997}"
	ProjectSection(WebsiteProperties) = preProject
		Debug.AspNetCompiler.Debug = "True"
		Release.AspNetCompiler.Debug = "False"
	EndProjectSection
EndProject
Project("{FAE04EC0-301F-11D3-BF4B-00C04F79EFBC}") = "ClearCanvas.Codecs", "..\..\Codecs\ClearCanvas.Codecs.csproj", "{86463672-CB30-41E7-BF90-36AF6CDA6729}"
	ProjectSection(WebsiteProperties) = preProject
		Debug.AspNetCompiler.Debug = "True"
		Release.AspNetCompiler.Debug = "False"
	EndProjectSection
EndProject
Project("{FAE04EC0-301F-11D3-BF4B-00C04F79EFBC}") = "ShredHostExe", "ShredHostExe.csproj", "{3F3F28E1-29C9-4ADB-B684-3A3734460713}"
	ProjectSection(WebsiteProperties) = preProject
		Debug.AspNetCompiler.Debug = "True"
		Release.AspNetCompiler.Debug = "False"
	EndProjectSection
	ProjectSection(ProjectDependencies) = postProject
		{E991CF00-A0E1-490C-A0D1-2BD77FAECF06} = {E991CF00-A0E1-490C-A0D1-2BD77FAECF06}
		{2F464B93-3631-4886-96A0-D3F493536997} = {2F464B93-3631-4886-96A0-D3F493536997}
	EndProjectSection
EndProject
Project("{FAE04EC0-301F-11D3-BF4B-00C04F79EFBC}") = "ClearCanvas.Server.ShredHost", "..\ShredHost\ClearCanvas.Server.ShredHost.csproj", "{8347B928-805E-42E7-B980-08D8AF1A0671}"
	ProjectSection(WebsiteProperties) = preProject
		Debug.AspNetCompiler.Debug = "True"
		Release.AspNetCompiler.Debug = "False"
	EndProjectSection
EndProject
Global
	GlobalSection(SolutionConfigurationPlatforms) = preSolution
		Debug|Any CPU = Debug|Any CPU
		Release|Any CPU = Release|Any CPU
	EndGlobalSection
	GlobalSection(ProjectConfigurationPlatforms) = postSolution
		{E991CF00-A0E1-490C-A0D1-2BD77FAECF06}.Debug|Any CPU.ActiveCfg = Debug|Any CPU
		{E991CF00-A0E1-490C-A0D1-2BD77FAECF06}.Debug|Any CPU.Build.0 = Debug|Any CPU
		{E991CF00-A0E1-490C-A0D1-2BD77FAECF06}.Release|Any CPU.ActiveCfg = Release|Any CPU
		{E991CF00-A0E1-490C-A0D1-2BD77FAECF06}.Release|Any CPU.Build.0 = Release|Any CPU
		{F6EAD428-E6CF-4DF6-B2F3-D33D532C5343}.Debug|Any CPU.ActiveCfg = Debug|Any CPU
		{F6EAD428-E6CF-4DF6-B2F3-D33D532C5343}.Release|Any CPU.ActiveCfg = Release|Any CPU
		{F6EAD428-E6CF-4DF6-B2F3-D33D532C5343}.Release|Any CPU.Build.0 = Release|Any CPU
		{3930FE1D-74C7-49E0-8E0D-05C0FEE194A8}.Debug|Any CPU.ActiveCfg = Debug|Any CPU
		{3930FE1D-74C7-49E0-8E0D-05C0FEE194A8}.Release|Any CPU.ActiveCfg = Release|Any CPU
		{3930FE1D-74C7-49E0-8E0D-05C0FEE194A8}.Release|Any CPU.Build.0 = Release|Any CPU
		{AD9ECE2B-8268-4115-8DC8-860FBD011FFF}.Debug|Any CPU.ActiveCfg = Debug|Any CPU
		{AD9ECE2B-8268-4115-8DC8-860FBD011FFF}.Release|Any CPU.ActiveCfg = Release|Any CPU
		{AD9ECE2B-8268-4115-8DC8-860FBD011FFF}.Release|Any CPU.Build.0 = Release|Any CPU
		{2F464B93-3631-4886-96A0-D3F493536997}.Debug|Any CPU.ActiveCfg = Debug|Any CPU
		{2F464B93-3631-4886-96A0-D3F493536997}.Debug|Any CPU.Build.0 = Debug|Any CPU
		{2F464B93-3631-4886-96A0-D3F493536997}.Release|Any CPU.ActiveCfg = Release|Any CPU
		{2F464B93-3631-4886-96A0-D3F493536997}.Release|Any CPU.Build.0 = Release|Any CPU
		{86463672-CB30-41E7-BF90-36AF6CDA6729}.Debug|Any CPU.ActiveCfg = Debug|Any CPU
		{86463672-CB30-41E7-BF90-36AF6CDA6729}.Release|Any CPU.ActiveCfg = Release|Any CPU
		{86463672-CB30-41E7-BF90-36AF6CDA6729}.Release|Any CPU.Build.0 = Release|Any CPU
		{3F3F28E1-29C9-4ADB-B684-3A3734460713}.Debug|Any CPU.ActiveCfg = Debug|Any CPU
		{3F3F28E1-29C9-4ADB-B684-3A3734460713}.Debug|Any CPU.Build.0 = Debug|Any CPU
		{3F3F28E1-29C9-4ADB-B684-3A3734460713}.Release|Any CPU.ActiveCfg = Release|Any CPU
		{3F3F28E1-29C9-4ADB-B684-3A3734460713}.Release|Any CPU.Build.0 = Release|Any CPU
		{8347B928-805E-42E7-B980-08D8AF1A0671}.Debug|Any CPU.ActiveCfg = Debug|Any CPU
		{8347B928-805E-42E7-B980-08D8AF1A0671}.Debug|Any CPU.Build.0 = Debug|Any CPU
		{8347B928-805E-42E7-B980-08D8AF1A0671}.Release|Any CPU.ActiveCfg = Release|Any CPU
		{8347B928-805E-42E7-B980-08D8AF1A0671}.Release|Any CPU.Build.0 = Release|Any CPU
	EndGlobalSection
	GlobalSection(SolutionProperties) = preSolution
		HideSolutionNode = FALSE
	EndGlobalSection
EndGlobal
