
Microsoft Visual Studio Solution File, Format Version 10.00
# Visual Studio 2008
Project("{FAE04EC0-301F-11D3-BF4B-00C04F79EFBC}") = "ClearCanvas.Utilities.ProductSettingsGenerator", "ClearCanvas.Utilities.ProductSettingsGenerator.csproj", "{BC1955B8-E225-48E3-80D0-AFD6BF772217}"
EndProject
Global
	GlobalSection(SolutionConfigurationPlatforms) = preSolution
		Debug|Any CPU = Debug|Any CPU
		Release|Any CPU = Release|Any CPU
	EndGlobalSection
	GlobalSection(ProjectConfigurationPlatforms) = postSolution
		{BC1955B8-E225-48E3-80D0-AFD6BF772217}.Debug|Any CPU.ActiveCfg = Debug|Any CPU
		{BC1955B8-E225-48E3-80D0-AFD6BF772217}.Debug|Any CPU.Build.0 = Debug|Any CPU
		{BC1955B8-E225-48E3-80D0-AFD6BF772217}.Release|Any CPU.ActiveCfg = Release|Any CPU
		{BC1955B8-E225-48E3-80D0-AFD6BF772217}.Release|Any CPU.Build.0 = Release|Any CPU
	EndGlobalSection
	GlobalSection(SolutionProperties) = preSolution
		HideSolutionNode = FALSE
	EndGlobalSection
EndGlobal
